
Microsoft Visual Studio Solution File, Format Version 12.00
# Visual Studio Version 16
VisualStudioVersion = 16.0.30523.141
MinimumVisualStudioVersion = 10.0.40219.1
Project("{8BC9CEB8-8B4A-11D0-8D11-00A0C91BC942}") = "1", "1\1.vcxproj", "{C0375518-E76A-4344-AE69-AF49F2172A67}"
EndProject
Project("{8BC9CEB8-8B4A-11D0-8D11-00A0C91BC942}") = "2", "2\2.vcxproj", "{8B817A43-BFC6-4427-A6F1-75B4852D3886}"
EndProject
Project("{8BC9CEB8-8B4A-11D0-8D11-00A0C91BC942}") = "3", "3\3.vcxproj", "{87727623-776A-4014-BF52-45CEB5C92365}"
EndProject
Project("{8BC9CEB8-8B4A-11D0-8D11-00A0C91BC942}") = "4", "4\4.vcxproj", "{BEB43815-E325-461E-818B-2FA1108A3BC0}"
EndProject
Project("{8BC9CEB8-8B4A-11D0-8D11-00A0C91BC942}") = "09.10 - Zeros Counter", "09.10 - Zeros Counter\9.10.vcxproj", "{D916741A-C738-47CE-A686-12E34A93828F}"
EndProject
Project("{2150E333-8FDC-42A3-9474-1A3956D46DE8}") = "September", "September", "{520C7696-3624-42D5-90E9-B74763B3A528}"
EndProject
Project("{2150E333-8FDC-42A3-9474-1A3956D46DE8}") = "October", "October", "{3201C44A-172A-48D0-970E-F81E39E8B96F}"
EndProject
Project("{8BC9CEB8-8B4A-11D0-8D11-00A0C91BC942}") = "06.10 - Markov Algo", "06.10 - Markov Algo\06.10.vcxproj", "{FDB4CC08-B23B-4395-854E-130152713DC8}"
EndProject
Project("{8BC9CEB8-8B4A-11D0-8D11-00A0C91BC942}") = "16.10 - Chess Deck and Knight", "16.10 - Chess Deck and Rook\16.10 - Chess Deck and Rook.vcxproj", "{D5E75313-9D1C-405A-93E7-6E88844C7842}"
EndProject
Project("{8BC9CEB8-8B4A-11D0-8D11-00A0C91BC942}") = "23.10 - Circles", "23.10 -- Circles\23.10 -- Circles.vcxproj", "{733B4A5A-DF4A-4280-9187-06EA87B6F0B3}"
EndProject
Project("{8BC9CEB8-8B4A-11D0-8D11-00A0C91BC942}") = "27.10 - Sum of numbers in N", "27.10 - Sum of numbers of N\27.10 - Sum of numbers of N.vcxproj", "{0690A150-6D75-498C-B764-256C514741F3}"
EndProject
Project("{8BC9CEB8-8B4A-11D0-8D11-00A0C91BC942}") = "27.10 - Find a number in input", "27.10 - Find a number in input\27.10 - Find a number in input.vcxproj", "{4FD66B00-ED2C-4502-B503-18001B037B21}"
EndProject
Project("{8BC9CEB8-8B4A-11D0-8D11-00A0C91BC942}") = "30.10 - Salary", "30.10 - Salary\30.10 - Salary.vcxproj", "{84FD2396-D2F2-4E6C-90B4-4E6EDB68F051}"
EndProject
Project("{8BC9CEB8-8B4A-11D0-8D11-00A0C91BC942}") = "30.10 - Equation", "30.10 - Equation\30.10 - Equation.vcxproj", "{2FBB27E7-0EEF-4B48-B78C-41B768823F77}"
EndProject
Project("{2150E333-8FDC-42A3-9474-1A3956D46DE8}") = "NoNutNovember", "NoNutNovember", "{C16C327F-A5C5-42BB-B5B0-55D9373B35C9}"
EndProject
Project("{2150E333-8FDC-42A3-9474-1A3956D46DE8}") = "10.11", "10.11", "{87FB3C97-6C84-4739-8859-5CEECC077692}"
EndProject
Project("{8BC9CEB8-8B4A-11D0-8D11-00A0C91BC942}") = "Check letter in word", "Check letter in word\Check letter in word.vcxproj", "{C596BA7B-0901-4BB2-B81F-0C3D1335495C}"
EndProject
Project("{8BC9CEB8-8B4A-11D0-8D11-00A0C91BC942}") = "SwitchMonths", "SwitchMonths\SwitchMonths.vcxproj", "{2CA2D204-CA69-4567-B291-1D946F9DA4F9}"
EndProject
Project("{8BC9CEB8-8B4A-11D0-8D11-00A0C91BC942}") = "MaxAndMinNumberInSequence", "MaxNumberInSequence\MaxNumberInSequence.vcxproj", "{09E50DA5-23B2-461D-9BD1-B30A76DDD73D}"
EndProject
Project("{2150E333-8FDC-42A3-9474-1A3956D46DE8}") = "17.11", "17.11", "{6C47D78E-B210-4B6B-B0D6-36BE7A4EDE39}"
EndProject
Project("{8BC9CEB8-8B4A-11D0-8D11-00A0C91BC942}") = "EmptySquare", "EmptySquare\EmptySquare.vcxproj", "{48FD1831-7D22-4832-B79D-7276DCD6B25F}"
EndProject
Project("{8BC9CEB8-8B4A-11D0-8D11-00A0C91BC942}") = "Triangle-1", "Triangle-1\Triangle-1.vcxproj", "{1D6F9FEB-AEDA-45AF-9B48-34D3B8931C88}"
EndProject
Project("{8BC9CEB8-8B4A-11D0-8D11-00A0C91BC942}") = "Triangle-2", "Triangle-2\Triangle-2.vcxproj", "{B3FA4093-6E22-4826-894E-C497281CCE16}"
EndProject
Project("{8BC9CEB8-8B4A-11D0-8D11-00A0C91BC942}") = "OddNumbers", "OddNumbers\OddNumbers.vcxproj", "{25CEC866-4D87-419D-9AB0-623A0CFAA762}"
EndProject
Project("{8BC9CEB8-8B4A-11D0-8D11-00A0C91BC942}") = "Equation-1", "Equation\Equation.vcxproj", "{389E4C58-17BA-45D6-A28D-0E21594CA26F}"
EndProject
Project("{8BC9CEB8-8B4A-11D0-8D11-00A0C91BC942}") = "Equation-2", "Equalation-2\Equalation-2.vcxproj", "{A6EBDF74-B452-4CC1-847C-99A82562D2E0}"
EndProject
Project("{8BC9CEB8-8B4A-11D0-8D11-00A0C91BC942}") = "Equation-3", "Equation-3\Equation-3.vcxproj", "{D835BC9A-90B1-4CEA-ABCF-DCB0824C49ED}"
EndProject
Project("{8BC9CEB8-8B4A-11D0-8D11-00A0C91BC942}") = "NegativeVsPositive", "NegativeVsPositive\NegativeVsPositive.vcxproj", "{D900524C-3E7E-4806-B207-3093F747CA2C}"
EndProject
Project("{8BC9CEB8-8B4A-11D0-8D11-00A0C91BC942}") = "CheckZ", "CheckZ\CheckZ.vcxproj", "{BE1111AB-9D79-4E6F-9003-016EDD3C23AD}"
EndProject
Project("{8BC9CEB8-8B4A-11D0-8D11-00A0C91BC942}") = "CheckSort", "CheckSort\CheckSort.vcxproj", "{896D1CAB-1C99-4490-B4E9-8B5C600075B0}"
EndProject
Project("{8BC9CEB8-8B4A-11D0-8D11-00A0C91BC942}") = "QuadroEq", "QuadroEq\QuadroEq.vcxproj", "{E584209C-5AFB-4D43-9640-6088B98D2216}"
EndProject
Project("{8BC9CEB8-8B4A-11D0-8D11-00A0C91BC942}") = "Lamp", "Lamp\Lamp.vcxproj", "{DE1C2AEB-08E5-4CFD-9447-D9BC85F53963}"
EndProject
Project("{8BC9CEB8-8B4A-11D0-8D11-00A0C91BC942}") = "Laba4 [17.11]", "Laba4 [17.11]\Laba4 [17.11].vcxproj", "{5A6E9A5C-A8DD-4E29-BC8B-9F82B3FB347E}"
EndProject
Project("{8BC9CEB8-8B4A-11D0-8D11-00A0C91BC942}") = "Laba5 [24.11]", "Laba5 [24.11]\Laba5 [24.11].vcxproj", "{72FD32D5-CD6B-46FF-8C7B-00A40D8E225F}"
EndProject
Project("{8BC9CEB8-8B4A-11D0-8D11-00A0C91BC942}") = "Laba7.1 [8.12]", "Laba7 [8.12]\Laba7 [8.12].vcxproj", "{875F2777-795E-498B-A980-4FE2C016C009}"
EndProject
Project("{8BC9CEB8-8B4A-11D0-8D11-00A0C91BC942}") = "Laba7.2 [8.12]", "Laba7.2 [8.12]\Laba7.2 [8.12].vcxproj", "{677C823D-0E5A-4E59-8D1C-6885A0E899B4}"
EndProject
Project("{8BC9CEB8-8B4A-11D0-8D11-00A0C91BC942}") = "Laba8 [15.12]", "Laba8 [15.12]\Laba8 [15.12].vcxproj", "{B211F981-AB4B-4826-929F-E85C21F390D9}"
EndProject
Project("{2150E333-8FDC-42A3-9474-1A3956D46DE8}") = "December", "December", "{B0885F34-0A7F-4B92-8501-BABFB9659CB0}"
EndProject
Global
	GlobalSection(SolutionConfigurationPlatforms) = preSolution
		Debug|x64 = Debug|x64
		Debug|x86 = Debug|x86
		Release|x64 = Release|x64
		Release|x86 = Release|x86
	EndGlobalSection
	GlobalSection(ProjectConfigurationPlatforms) = postSolution
		{C0375518-E76A-4344-AE69-AF49F2172A67}.Debug|x64.ActiveCfg = Debug|x64
		{C0375518-E76A-4344-AE69-AF49F2172A67}.Debug|x64.Build.0 = Debug|x64
		{C0375518-E76A-4344-AE69-AF49F2172A67}.Debug|x86.ActiveCfg = Debug|Win32
		{C0375518-E76A-4344-AE69-AF49F2172A67}.Debug|x86.Build.0 = Debug|Win32
		{C0375518-E76A-4344-AE69-AF49F2172A67}.Release|x64.ActiveCfg = Release|x64
		{C0375518-E76A-4344-AE69-AF49F2172A67}.Release|x64.Build.0 = Release|x64
		{C0375518-E76A-4344-AE69-AF49F2172A67}.Release|x86.ActiveCfg = Release|Win32
		{C0375518-E76A-4344-AE69-AF49F2172A67}.Release|x86.Build.0 = Release|Win32
		{8B817A43-BFC6-4427-A6F1-75B4852D3886}.Debug|x64.ActiveCfg = Debug|x64
		{8B817A43-BFC6-4427-A6F1-75B4852D3886}.Debug|x64.Build.0 = Debug|x64
		{8B817A43-BFC6-4427-A6F1-75B4852D3886}.Debug|x86.ActiveCfg = Debug|Win32
		{8B817A43-BFC6-4427-A6F1-75B4852D3886}.Debug|x86.Build.0 = Debug|Win32
		{8B817A43-BFC6-4427-A6F1-75B4852D3886}.Release|x64.ActiveCfg = Release|x64
		{8B817A43-BFC6-4427-A6F1-75B4852D3886}.Release|x64.Build.0 = Release|x64
		{8B817A43-BFC6-4427-A6F1-75B4852D3886}.Release|x86.ActiveCfg = Release|Win32
		{8B817A43-BFC6-4427-A6F1-75B4852D3886}.Release|x86.Build.0 = Release|Win32
		{87727623-776A-4014-BF52-45CEB5C92365}.Debug|x64.ActiveCfg = Debug|x64
		{87727623-776A-4014-BF52-45CEB5C92365}.Debug|x64.Build.0 = Debug|x64
		{87727623-776A-4014-BF52-45CEB5C92365}.Debug|x86.ActiveCfg = Debug|Win32
		{87727623-776A-4014-BF52-45CEB5C92365}.Debug|x86.Build.0 = Debug|Win32
		{87727623-776A-4014-BF52-45CEB5C92365}.Release|x64.ActiveCfg = Release|x64
		{87727623-776A-4014-BF52-45CEB5C92365}.Release|x64.Build.0 = Release|x64
		{87727623-776A-4014-BF52-45CEB5C92365}.Release|x86.ActiveCfg = Release|Win32
		{87727623-776A-4014-BF52-45CEB5C92365}.Release|x86.Build.0 = Release|Win32
		{BEB43815-E325-461E-818B-2FA1108A3BC0}.Debug|x64.ActiveCfg = Debug|x64
		{BEB43815-E325-461E-818B-2FA1108A3BC0}.Debug|x64.Build.0 = Debug|x64
		{BEB43815-E325-461E-818B-2FA1108A3BC0}.Debug|x86.ActiveCfg = Debug|Win32
		{BEB43815-E325-461E-818B-2FA1108A3BC0}.Debug|x86.Build.0 = Debug|Win32
		{BEB43815-E325-461E-818B-2FA1108A3BC0}.Release|x64.ActiveCfg = Release|x64
		{BEB43815-E325-461E-818B-2FA1108A3BC0}.Release|x64.Build.0 = Release|x64
		{BEB43815-E325-461E-818B-2FA1108A3BC0}.Release|x86.ActiveCfg = Release|Win32
		{BEB43815-E325-461E-818B-2FA1108A3BC0}.Release|x86.Build.0 = Release|Win32
		{D916741A-C738-47CE-A686-12E34A93828F}.Debug|x64.ActiveCfg = Debug|x64
		{D916741A-C738-47CE-A686-12E34A93828F}.Debug|x64.Build.0 = Debug|x64
		{D916741A-C738-47CE-A686-12E34A93828F}.Debug|x86.ActiveCfg = Debug|Win32
		{D916741A-C738-47CE-A686-12E34A93828F}.Debug|x86.Build.0 = Debug|Win32
		{D916741A-C738-47CE-A686-12E34A93828F}.Release|x64.ActiveCfg = Release|x64
		{D916741A-C738-47CE-A686-12E34A93828F}.Release|x64.Build.0 = Release|x64
		{D916741A-C738-47CE-A686-12E34A93828F}.Release|x86.ActiveCfg = Release|Win32
		{D916741A-C738-47CE-A686-12E34A93828F}.Release|x86.Build.0 = Release|Win32
		{FDB4CC08-B23B-4395-854E-130152713DC8}.Debug|x64.ActiveCfg = Debug|x64
		{FDB4CC08-B23B-4395-854E-130152713DC8}.Debug|x64.Build.0 = Debug|x64
		{FDB4CC08-B23B-4395-854E-130152713DC8}.Debug|x86.ActiveCfg = Debug|Win32
		{FDB4CC08-B23B-4395-854E-130152713DC8}.Debug|x86.Build.0 = Debug|Win32
		{FDB4CC08-B23B-4395-854E-130152713DC8}.Release|x64.ActiveCfg = Release|x64
		{FDB4CC08-B23B-4395-854E-130152713DC8}.Release|x64.Build.0 = Release|x64
		{FDB4CC08-B23B-4395-854E-130152713DC8}.Release|x86.ActiveCfg = Release|Win32
		{FDB4CC08-B23B-4395-854E-130152713DC8}.Release|x86.Build.0 = Release|Win32
		{D5E75313-9D1C-405A-93E7-6E88844C7842}.Debug|x64.ActiveCfg = Debug|x64
		{D5E75313-9D1C-405A-93E7-6E88844C7842}.Debug|x64.Build.0 = Debug|x64
		{D5E75313-9D1C-405A-93E7-6E88844C7842}.Debug|x86.ActiveCfg = Debug|Win32
		{D5E75313-9D1C-405A-93E7-6E88844C7842}.Debug|x86.Build.0 = Debug|Win32
		{D5E75313-9D1C-405A-93E7-6E88844C7842}.Release|x64.ActiveCfg = Release|x64
		{D5E75313-9D1C-405A-93E7-6E88844C7842}.Release|x64.Build.0 = Release|x64
		{D5E75313-9D1C-405A-93E7-6E88844C7842}.Release|x86.ActiveCfg = Release|Win32
		{D5E75313-9D1C-405A-93E7-6E88844C7842}.Release|x86.Build.0 = Release|Win32
		{733B4A5A-DF4A-4280-9187-06EA87B6F0B3}.Debug|x64.ActiveCfg = Debug|x64
		{733B4A5A-DF4A-4280-9187-06EA87B6F0B3}.Debug|x64.Build.0 = Debug|x64
		{733B4A5A-DF4A-4280-9187-06EA87B6F0B3}.Debug|x86.ActiveCfg = Debug|Win32
		{733B4A5A-DF4A-4280-9187-06EA87B6F0B3}.Debug|x86.Build.0 = Debug|Win32
		{733B4A5A-DF4A-4280-9187-06EA87B6F0B3}.Release|x64.ActiveCfg = Release|x64
		{733B4A5A-DF4A-4280-9187-06EA87B6F0B3}.Release|x64.Build.0 = Release|x64
		{733B4A5A-DF4A-4280-9187-06EA87B6F0B3}.Release|x86.ActiveCfg = Release|Win32
		{733B4A5A-DF4A-4280-9187-06EA87B6F0B3}.Release|x86.Build.0 = Release|Win32
		{0690A150-6D75-498C-B764-256C514741F3}.Debug|x64.ActiveCfg = Debug|x64
		{0690A150-6D75-498C-B764-256C514741F3}.Debug|x64.Build.0 = Debug|x64
		{0690A150-6D75-498C-B764-256C514741F3}.Debug|x86.ActiveCfg = Debug|Win32
		{0690A150-6D75-498C-B764-256C514741F3}.Debug|x86.Build.0 = Debug|Win32
		{0690A150-6D75-498C-B764-256C514741F3}.Release|x64.ActiveCfg = Release|x64
		{0690A150-6D75-498C-B764-256C514741F3}.Release|x64.Build.0 = Release|x64
		{0690A150-6D75-498C-B764-256C514741F3}.Release|x86.ActiveCfg = Release|Win32
		{0690A150-6D75-498C-B764-256C514741F3}.Release|x86.Build.0 = Release|Win32
		{4FD66B00-ED2C-4502-B503-18001B037B21}.Debug|x64.ActiveCfg = Debug|x64
		{4FD66B00-ED2C-4502-B503-18001B037B21}.Debug|x64.Build.0 = Debug|x64
		{4FD66B00-ED2C-4502-B503-18001B037B21}.Debug|x86.ActiveCfg = Debug|Win32
		{4FD66B00-ED2C-4502-B503-18001B037B21}.Debug|x86.Build.0 = Debug|Win32
		{4FD66B00-ED2C-4502-B503-18001B037B21}.Release|x64.ActiveCfg = Release|x64
		{4FD66B00-ED2C-4502-B503-18001B037B21}.Release|x64.Build.0 = Release|x64
		{4FD66B00-ED2C-4502-B503-18001B037B21}.Release|x86.ActiveCfg = Release|Win32
		{4FD66B00-ED2C-4502-B503-18001B037B21}.Release|x86.Build.0 = Release|Win32
		{84FD2396-D2F2-4E6C-90B4-4E6EDB68F051}.Debug|x64.ActiveCfg = Debug|x64
		{84FD2396-D2F2-4E6C-90B4-4E6EDB68F051}.Debug|x64.Build.0 = Debug|x64
		{84FD2396-D2F2-4E6C-90B4-4E6EDB68F051}.Debug|x86.ActiveCfg = Debug|Win32
		{84FD2396-D2F2-4E6C-90B4-4E6EDB68F051}.Debug|x86.Build.0 = Debug|Win32
		{84FD2396-D2F2-4E6C-90B4-4E6EDB68F051}.Release|x64.ActiveCfg = Release|x64
		{84FD2396-D2F2-4E6C-90B4-4E6EDB68F051}.Release|x64.Build.0 = Release|x64
		{84FD2396-D2F2-4E6C-90B4-4E6EDB68F051}.Release|x86.ActiveCfg = Release|Win32
		{84FD2396-D2F2-4E6C-90B4-4E6EDB68F051}.Release|x86.Build.0 = Release|Win32
		{2FBB27E7-0EEF-4B48-B78C-41B768823F77}.Debug|x64.ActiveCfg = Debug|x64
		{2FBB27E7-0EEF-4B48-B78C-41B768823F77}.Debug|x64.Build.0 = Debug|x64
		{2FBB27E7-0EEF-4B48-B78C-41B768823F77}.Debug|x86.ActiveCfg = Debug|Win32
		{2FBB27E7-0EEF-4B48-B78C-41B768823F77}.Debug|x86.Build.0 = Debug|Win32
		{2FBB27E7-0EEF-4B48-B78C-41B768823F77}.Release|x64.ActiveCfg = Release|x64
		{2FBB27E7-0EEF-4B48-B78C-41B768823F77}.Release|x64.Build.0 = Release|x64
		{2FBB27E7-0EEF-4B48-B78C-41B768823F77}.Release|x86.ActiveCfg = Release|Win32
		{2FBB27E7-0EEF-4B48-B78C-41B768823F77}.Release|x86.Build.0 = Release|Win32
		{C596BA7B-0901-4BB2-B81F-0C3D1335495C}.Debug|x64.ActiveCfg = Debug|x64
		{C596BA7B-0901-4BB2-B81F-0C3D1335495C}.Debug|x64.Build.0 = Debug|x64
		{C596BA7B-0901-4BB2-B81F-0C3D1335495C}.Debug|x86.ActiveCfg = Debug|Win32
		{C596BA7B-0901-4BB2-B81F-0C3D1335495C}.Debug|x86.Build.0 = Debug|Win32
		{C596BA7B-0901-4BB2-B81F-0C3D1335495C}.Release|x64.ActiveCfg = Release|x64
		{C596BA7B-0901-4BB2-B81F-0C3D1335495C}.Release|x64.Build.0 = Release|x64
		{C596BA7B-0901-4BB2-B81F-0C3D1335495C}.Release|x86.ActiveCfg = Release|Win32
		{C596BA7B-0901-4BB2-B81F-0C3D1335495C}.Release|x86.Build.0 = Release|Win32
		{2CA2D204-CA69-4567-B291-1D946F9DA4F9}.Debug|x64.ActiveCfg = Debug|x64
		{2CA2D204-CA69-4567-B291-1D946F9DA4F9}.Debug|x64.Build.0 = Debug|x64
		{2CA2D204-CA69-4567-B291-1D946F9DA4F9}.Debug|x86.ActiveCfg = Debug|Win32
		{2CA2D204-CA69-4567-B291-1D946F9DA4F9}.Debug|x86.Build.0 = Debug|Win32
		{2CA2D204-CA69-4567-B291-1D946F9DA4F9}.Release|x64.ActiveCfg = Release|x64
		{2CA2D204-CA69-4567-B291-1D946F9DA4F9}.Release|x64.Build.0 = Release|x64
		{2CA2D204-CA69-4567-B291-1D946F9DA4F9}.Release|x86.ActiveCfg = Release|Win32
		{2CA2D204-CA69-4567-B291-1D946F9DA4F9}.Release|x86.Build.0 = Release|Win32
		{09E50DA5-23B2-461D-9BD1-B30A76DDD73D}.Debug|x64.ActiveCfg = Debug|x64
		{09E50DA5-23B2-461D-9BD1-B30A76DDD73D}.Debug|x64.Build.0 = Debug|x64
		{09E50DA5-23B2-461D-9BD1-B30A76DDD73D}.Debug|x86.ActiveCfg = Debug|Win32
		{09E50DA5-23B2-461D-9BD1-B30A76DDD73D}.Debug|x86.Build.0 = Debug|Win32
		{09E50DA5-23B2-461D-9BD1-B30A76DDD73D}.Release|x64.ActiveCfg = Release|x64
		{09E50DA5-23B2-461D-9BD1-B30A76DDD73D}.Release|x64.Build.0 = Release|x64
		{09E50DA5-23B2-461D-9BD1-B30A76DDD73D}.Release|x86.ActiveCfg = Release|Win32
		{09E50DA5-23B2-461D-9BD1-B30A76DDD73D}.Release|x86.Build.0 = Release|Win32
		{48FD1831-7D22-4832-B79D-7276DCD6B25F}.Debug|x64.ActiveCfg = Debug|x64
		{48FD1831-7D22-4832-B79D-7276DCD6B25F}.Debug|x64.Build.0 = Debug|x64
		{48FD1831-7D22-4832-B79D-7276DCD6B25F}.Debug|x86.ActiveCfg = Debug|Win32
		{48FD1831-7D22-4832-B79D-7276DCD6B25F}.Debug|x86.Build.0 = Debug|Win32
		{48FD1831-7D22-4832-B79D-7276DCD6B25F}.Release|x64.ActiveCfg = Release|x64
		{48FD1831-7D22-4832-B79D-7276DCD6B25F}.Release|x64.Build.0 = Release|x64
		{48FD1831-7D22-4832-B79D-7276DCD6B25F}.Release|x86.ActiveCfg = Release|Win32
		{48FD1831-7D22-4832-B79D-7276DCD6B25F}.Release|x86.Build.0 = Release|Win32
		{1D6F9FEB-AEDA-45AF-9B48-34D3B8931C88}.Debug|x64.ActiveCfg = Debug|x64
		{1D6F9FEB-AEDA-45AF-9B48-34D3B8931C88}.Debug|x64.Build.0 = Debug|x64
		{1D6F9FEB-AEDA-45AF-9B48-34D3B8931C88}.Debug|x86.ActiveCfg = Debug|Win32
		{1D6F9FEB-AEDA-45AF-9B48-34D3B8931C88}.Debug|x86.Build.0 = Debug|Win32
		{1D6F9FEB-AEDA-45AF-9B48-34D3B8931C88}.Release|x64.ActiveCfg = Release|x64
		{1D6F9FEB-AEDA-45AF-9B48-34D3B8931C88}.Release|x64.Build.0 = Release|x64
		{1D6F9FEB-AEDA-45AF-9B48-34D3B8931C88}.Release|x86.ActiveCfg = Release|Win32
		{1D6F9FEB-AEDA-45AF-9B48-34D3B8931C88}.Release|x86.Build.0 = Release|Win32
		{B3FA4093-6E22-4826-894E-C497281CCE16}.Debug|x64.ActiveCfg = Debug|x64
		{B3FA4093-6E22-4826-894E-C497281CCE16}.Debug|x64.Build.0 = Debug|x64
		{B3FA4093-6E22-4826-894E-C497281CCE16}.Debug|x86.ActiveCfg = Debug|Win32
		{B3FA4093-6E22-4826-894E-C497281CCE16}.Debug|x86.Build.0 = Debug|Win32
		{B3FA4093-6E22-4826-894E-C497281CCE16}.Release|x64.ActiveCfg = Release|x64
		{B3FA4093-6E22-4826-894E-C497281CCE16}.Release|x64.Build.0 = Release|x64
		{B3FA4093-6E22-4826-894E-C497281CCE16}.Release|x86.ActiveCfg = Release|Win32
		{B3FA4093-6E22-4826-894E-C497281CCE16}.Release|x86.Build.0 = Release|Win32
		{25CEC866-4D87-419D-9AB0-623A0CFAA762}.Debug|x64.ActiveCfg = Debug|x64
		{25CEC866-4D87-419D-9AB0-623A0CFAA762}.Debug|x64.Build.0 = Debug|x64
		{25CEC866-4D87-419D-9AB0-623A0CFAA762}.Debug|x86.ActiveCfg = Debug|Win32
		{25CEC866-4D87-419D-9AB0-623A0CFAA762}.Debug|x86.Build.0 = Debug|Win32
		{25CEC866-4D87-419D-9AB0-623A0CFAA762}.Release|x64.ActiveCfg = Release|x64
		{25CEC866-4D87-419D-9AB0-623A0CFAA762}.Release|x64.Build.0 = Release|x64
		{25CEC866-4D87-419D-9AB0-623A0CFAA762}.Release|x86.ActiveCfg = Release|Win32
		{25CEC866-4D87-419D-9AB0-623A0CFAA762}.Release|x86.Build.0 = Release|Win32
		{389E4C58-17BA-45D6-A28D-0E21594CA26F}.Debug|x64.ActiveCfg = Debug|x64
		{389E4C58-17BA-45D6-A28D-0E21594CA26F}.Debug|x64.Build.0 = Debug|x64
		{389E4C58-17BA-45D6-A28D-0E21594CA26F}.Debug|x86.ActiveCfg = Debug|Win32
		{389E4C58-17BA-45D6-A28D-0E21594CA26F}.Debug|x86.Build.0 = Debug|Win32
		{389E4C58-17BA-45D6-A28D-0E21594CA26F}.Release|x64.ActiveCfg = Release|x64
		{389E4C58-17BA-45D6-A28D-0E21594CA26F}.Release|x64.Build.0 = Release|x64
		{389E4C58-17BA-45D6-A28D-0E21594CA26F}.Release|x86.ActiveCfg = Release|Win32
		{389E4C58-17BA-45D6-A28D-0E21594CA26F}.Release|x86.Build.0 = Release|Win32
		{A6EBDF74-B452-4CC1-847C-99A82562D2E0}.Debug|x64.ActiveCfg = Debug|x64
		{A6EBDF74-B452-4CC1-847C-99A82562D2E0}.Debug|x64.Build.0 = Debug|x64
		{A6EBDF74-B452-4CC1-847C-99A82562D2E0}.Debug|x86.ActiveCfg = Debug|Win32
		{A6EBDF74-B452-4CC1-847C-99A82562D2E0}.Debug|x86.Build.0 = Debug|Win32
		{A6EBDF74-B452-4CC1-847C-99A82562D2E0}.Release|x64.ActiveCfg = Release|x64
		{A6EBDF74-B452-4CC1-847C-99A82562D2E0}.Release|x64.Build.0 = Release|x64
		{A6EBDF74-B452-4CC1-847C-99A82562D2E0}.Release|x86.ActiveCfg = Release|Win32
		{A6EBDF74-B452-4CC1-847C-99A82562D2E0}.Release|x86.Build.0 = Release|Win32
		{D835BC9A-90B1-4CEA-ABCF-DCB0824C49ED}.Debug|x64.ActiveCfg = Debug|x64
		{D835BC9A-90B1-4CEA-ABCF-DCB0824C49ED}.Debug|x64.Build.0 = Debug|x64
		{D835BC9A-90B1-4CEA-ABCF-DCB0824C49ED}.Debug|x86.ActiveCfg = Debug|Win32
		{D835BC9A-90B1-4CEA-ABCF-DCB0824C49ED}.Debug|x86.Build.0 = Debug|Win32
		{D835BC9A-90B1-4CEA-ABCF-DCB0824C49ED}.Release|x64.ActiveCfg = Release|x64
		{D835BC9A-90B1-4CEA-ABCF-DCB0824C49ED}.Release|x64.Build.0 = Release|x64
		{D835BC9A-90B1-4CEA-ABCF-DCB0824C49ED}.Release|x86.ActiveCfg = Release|Win32
		{D835BC9A-90B1-4CEA-ABCF-DCB0824C49ED}.Release|x86.Build.0 = Release|Win32
		{D900524C-3E7E-4806-B207-3093F747CA2C}.Debug|x64.ActiveCfg = Debug|x64
		{D900524C-3E7E-4806-B207-3093F747CA2C}.Debug|x64.Build.0 = Debug|x64
		{D900524C-3E7E-4806-B207-3093F747CA2C}.Debug|x86.ActiveCfg = Debug|Win32
		{D900524C-3E7E-4806-B207-3093F747CA2C}.Debug|x86.Build.0 = Debug|Win32
		{D900524C-3E7E-4806-B207-3093F747CA2C}.Release|x64.ActiveCfg = Release|x64
		{D900524C-3E7E-4806-B207-3093F747CA2C}.Release|x64.Build.0 = Release|x64
		{D900524C-3E7E-4806-B207-3093F747CA2C}.Release|x86.ActiveCfg = Release|Win32
		{D900524C-3E7E-4806-B207-3093F747CA2C}.Release|x86.Build.0 = Release|Win32
		{BE1111AB-9D79-4E6F-9003-016EDD3C23AD}.Debug|x64.ActiveCfg = Debug|x64
		{BE1111AB-9D79-4E6F-9003-016EDD3C23AD}.Debug|x64.Build.0 = Debug|x64
		{BE1111AB-9D79-4E6F-9003-016EDD3C23AD}.Debug|x86.ActiveCfg = Debug|Win32
		{BE1111AB-9D79-4E6F-9003-016EDD3C23AD}.Debug|x86.Build.0 = Debug|Win32
		{BE1111AB-9D79-4E6F-9003-016EDD3C23AD}.Release|x64.ActiveCfg = Release|x64
		{BE1111AB-9D79-4E6F-9003-016EDD3C23AD}.Release|x64.Build.0 = Release|x64
		{BE1111AB-9D79-4E6F-9003-016EDD3C23AD}.Release|x86.ActiveCfg = Release|Win32
		{BE1111AB-9D79-4E6F-9003-016EDD3C23AD}.Release|x86.Build.0 = Release|Win32
		{896D1CAB-1C99-4490-B4E9-8B5C600075B0}.Debug|x64.ActiveCfg = Debug|x64
		{896D1CAB-1C99-4490-B4E9-8B5C600075B0}.Debug|x64.Build.0 = Debug|x64
		{896D1CAB-1C99-4490-B4E9-8B5C600075B0}.Debug|x86.ActiveCfg = Debug|Win32
		{896D1CAB-1C99-4490-B4E9-8B5C600075B0}.Debug|x86.Build.0 = Debug|Win32
		{896D1CAB-1C99-4490-B4E9-8B5C600075B0}.Release|x64.ActiveCfg = Release|x64
		{896D1CAB-1C99-4490-B4E9-8B5C600075B0}.Release|x64.Build.0 = Release|x64
		{896D1CAB-1C99-4490-B4E9-8B5C600075B0}.Release|x86.ActiveCfg = Release|Win32
		{896D1CAB-1C99-4490-B4E9-8B5C600075B0}.Release|x86.Build.0 = Release|Win32
		{E584209C-5AFB-4D43-9640-6088B98D2216}.Debug|x64.ActiveCfg = Debug|x64
		{E584209C-5AFB-4D43-9640-6088B98D2216}.Debug|x64.Build.0 = Debug|x64
		{E584209C-5AFB-4D43-9640-6088B98D2216}.Debug|x86.ActiveCfg = Debug|Win32
		{E584209C-5AFB-4D43-9640-6088B98D2216}.Debug|x86.Build.0 = Debug|Win32
		{E584209C-5AFB-4D43-9640-6088B98D2216}.Release|x64.ActiveCfg = Release|x64
		{E584209C-5AFB-4D43-9640-6088B98D2216}.Release|x64.Build.0 = Release|x64
		{E584209C-5AFB-4D43-9640-6088B98D2216}.Release|x86.ActiveCfg = Release|Win32
		{E584209C-5AFB-4D43-9640-6088B98D2216}.Release|x86.Build.0 = Release|Win32
		{DE1C2AEB-08E5-4CFD-9447-D9BC85F53963}.Debug|x64.ActiveCfg = Debug|x64
		{DE1C2AEB-08E5-4CFD-9447-D9BC85F53963}.Debug|x64.Build.0 = Debug|x64
		{DE1C2AEB-08E5-4CFD-9447-D9BC85F53963}.Debug|x86.ActiveCfg = Debug|Win32
		{DE1C2AEB-08E5-4CFD-9447-D9BC85F53963}.Debug|x86.Build.0 = Debug|Win32
		{DE1C2AEB-08E5-4CFD-9447-D9BC85F53963}.Release|x64.ActiveCfg = Release|x64
		{DE1C2AEB-08E5-4CFD-9447-D9BC85F53963}.Release|x64.Build.0 = Release|x64
		{DE1C2AEB-08E5-4CFD-9447-D9BC85F53963}.Release|x86.ActiveCfg = Release|Win32
		{DE1C2AEB-08E5-4CFD-9447-D9BC85F53963}.Release|x86.Build.0 = Release|Win32
		{5A6E9A5C-A8DD-4E29-BC8B-9F82B3FB347E}.Debug|x64.ActiveCfg = Debug|x64
		{5A6E9A5C-A8DD-4E29-BC8B-9F82B3FB347E}.Debug|x64.Build.0 = Debug|x64
		{5A6E9A5C-A8DD-4E29-BC8B-9F82B3FB347E}.Debug|x86.ActiveCfg = Debug|Win32
		{5A6E9A5C-A8DD-4E29-BC8B-9F82B3FB347E}.Debug|x86.Build.0 = Debug|Win32
		{5A6E9A5C-A8DD-4E29-BC8B-9F82B3FB347E}.Release|x64.ActiveCfg = Release|x64
		{5A6E9A5C-A8DD-4E29-BC8B-9F82B3FB347E}.Release|x64.Build.0 = Release|x64
		{5A6E9A5C-A8DD-4E29-BC8B-9F82B3FB347E}.Release|x86.ActiveCfg = Release|Win32
		{5A6E9A5C-A8DD-4E29-BC8B-9F82B3FB347E}.Release|x86.Build.0 = Release|Win32
		{72FD32D5-CD6B-46FF-8C7B-00A40D8E225F}.Debug|x64.ActiveCfg = Debug|x64
		{72FD32D5-CD6B-46FF-8C7B-00A40D8E225F}.Debug|x64.Build.0 = Debug|x64
		{72FD32D5-CD6B-46FF-8C7B-00A40D8E225F}.Debug|x86.ActiveCfg = Debug|Win32
		{72FD32D5-CD6B-46FF-8C7B-00A40D8E225F}.Debug|x86.Build.0 = Debug|Win32
		{72FD32D5-CD6B-46FF-8C7B-00A40D8E225F}.Release|x64.ActiveCfg = Release|x64
		{72FD32D5-CD6B-46FF-8C7B-00A40D8E225F}.Release|x64.Build.0 = Release|x64
		{72FD32D5-CD6B-46FF-8C7B-00A40D8E225F}.Release|x86.ActiveCfg = Release|Win32
		{72FD32D5-CD6B-46FF-8C7B-00A40D8E225F}.Release|x86.Build.0 = Release|Win32
		{875F2777-795E-498B-A980-4FE2C016C009}.Debug|x64.ActiveCfg = Debug|x64
		{875F2777-795E-498B-A980-4FE2C016C009}.Debug|x64.Build.0 = Debug|x64
		{875F2777-795E-498B-A980-4FE2C016C009}.Debug|x86.ActiveCfg = Debug|Win32
		{875F2777-795E-498B-A980-4FE2C016C009}.Debug|x86.Build.0 = Debug|Win32
		{875F2777-795E-498B-A980-4FE2C016C009}.Release|x64.ActiveCfg = Release|x64
		{875F2777-795E-498B-A980-4FE2C016C009}.Release|x64.Build.0 = Release|x64
		{875F2777-795E-498B-A980-4FE2C016C009}.Release|x86.ActiveCfg = Release|Win32
		{875F2777-795E-498B-A980-4FE2C016C009}.Release|x86.Build.0 = Release|Win32
		{677C823D-0E5A-4E59-8D1C-6885A0E899B4}.Debug|x64.ActiveCfg = Debug|x64
		{677C823D-0E5A-4E59-8D1C-6885A0E899B4}.Debug|x64.Build.0 = Debug|x64
		{677C823D-0E5A-4E59-8D1C-6885A0E899B4}.Debug|x86.ActiveCfg = Debug|Win32
		{677C823D-0E5A-4E59-8D1C-6885A0E899B4}.Debug|x86.Build.0 = Debug|Win32
		{677C823D-0E5A-4E59-8D1C-6885A0E899B4}.Release|x64.ActiveCfg = Release|x64
		{677C823D-0E5A-4E59-8D1C-6885A0E899B4}.Release|x64.Build.0 = Release|x64
		{677C823D-0E5A-4E59-8D1C-6885A0E899B4}.Release|x86.ActiveCfg = Release|Win32
		{677C823D-0E5A-4E59-8D1C-6885A0E899B4}.Release|x86.Build.0 = Release|Win32
		{B211F981-AB4B-4826-929F-E85C21F390D9}.Debug|x64.ActiveCfg = Debug|x64
		{B211F981-AB4B-4826-929F-E85C21F390D9}.Debug|x64.Build.0 = Debug|x64
		{B211F981-AB4B-4826-929F-E85C21F390D9}.Debug|x86.ActiveCfg = Debug|Win32
		{B211F981-AB4B-4826-929F-E85C21F390D9}.Debug|x86.Build.0 = Debug|Win32
		{B211F981-AB4B-4826-929F-E85C21F390D9}.Release|x64.ActiveCfg = Release|x64
		{B211F981-AB4B-4826-929F-E85C21F390D9}.Release|x64.Build.0 = Release|x64
		{B211F981-AB4B-4826-929F-E85C21F390D9}.Release|x86.ActiveCfg = Release|Win32
		{B211F981-AB4B-4826-929F-E85C21F390D9}.Release|x86.Build.0 = Release|Win32
	EndGlobalSection
	GlobalSection(SolutionProperties) = preSolution
		HideSolutionNode = FALSE
	EndGlobalSection
	GlobalSection(NestedProjects) = preSolution
		{C0375518-E76A-4344-AE69-AF49F2172A67} = {520C7696-3624-42D5-90E9-B74763B3A528}
		{8B817A43-BFC6-4427-A6F1-75B4852D3886} = {520C7696-3624-42D5-90E9-B74763B3A528}
		{87727623-776A-4014-BF52-45CEB5C92365} = {520C7696-3624-42D5-90E9-B74763B3A528}
		{BEB43815-E325-461E-818B-2FA1108A3BC0} = {3201C44A-172A-48D0-970E-F81E39E8B96F}
		{D916741A-C738-47CE-A686-12E34A93828F} = {3201C44A-172A-48D0-970E-F81E39E8B96F}
		{FDB4CC08-B23B-4395-854E-130152713DC8} = {3201C44A-172A-48D0-970E-F81E39E8B96F}
		{D5E75313-9D1C-405A-93E7-6E88844C7842} = {3201C44A-172A-48D0-970E-F81E39E8B96F}
		{733B4A5A-DF4A-4280-9187-06EA87B6F0B3} = {3201C44A-172A-48D0-970E-F81E39E8B96F}
		{0690A150-6D75-498C-B764-256C514741F3} = {3201C44A-172A-48D0-970E-F81E39E8B96F}
		{4FD66B00-ED2C-4502-B503-18001B037B21} = {3201C44A-172A-48D0-970E-F81E39E8B96F}
		{84FD2396-D2F2-4E6C-90B4-4E6EDB68F051} = {3201C44A-172A-48D0-970E-F81E39E8B96F}
		{2FBB27E7-0EEF-4B48-B78C-41B768823F77} = {3201C44A-172A-48D0-970E-F81E39E8B96F}
		{87FB3C97-6C84-4739-8859-5CEECC077692} = {C16C327F-A5C5-42BB-B5B0-55D9373B35C9}
		{C596BA7B-0901-4BB2-B81F-0C3D1335495C} = {87FB3C97-6C84-4739-8859-5CEECC077692}
		{2CA2D204-CA69-4567-B291-1D946F9DA4F9} = {87FB3C97-6C84-4739-8859-5CEECC077692}
		{09E50DA5-23B2-461D-9BD1-B30A76DDD73D} = {87FB3C97-6C84-4739-8859-5CEECC077692}
		{6C47D78E-B210-4B6B-B0D6-36BE7A4EDE39} = {C16C327F-A5C5-42BB-B5B0-55D9373B35C9}
		{48FD1831-7D22-4832-B79D-7276DCD6B25F} = {6C47D78E-B210-4B6B-B0D6-36BE7A4EDE39}
		{1D6F9FEB-AEDA-45AF-9B48-34D3B8931C88} = {6C47D78E-B210-4B6B-B0D6-36BE7A4EDE39}
		{B3FA4093-6E22-4826-894E-C497281CCE16} = {6C47D78E-B210-4B6B-B0D6-36BE7A4EDE39}
		{25CEC866-4D87-419D-9AB0-623A0CFAA762} = {87FB3C97-6C84-4739-8859-5CEECC077692}
		{389E4C58-17BA-45D6-A28D-0E21594CA26F} = {6C47D78E-B210-4B6B-B0D6-36BE7A4EDE39}
		{A6EBDF74-B452-4CC1-847C-99A82562D2E0} = {6C47D78E-B210-4B6B-B0D6-36BE7A4EDE39}
		{D835BC9A-90B1-4CEA-ABCF-DCB0824C49ED} = {6C47D78E-B210-4B6B-B0D6-36BE7A4EDE39}
		{D900524C-3E7E-4806-B207-3093F747CA2C} = {87FB3C97-6C84-4739-8859-5CEECC077692}
		{BE1111AB-9D79-4E6F-9003-016EDD3C23AD} = {87FB3C97-6C84-4739-8859-5CEECC077692}
		{896D1CAB-1C99-4490-B4E9-8B5C600075B0} = {87FB3C97-6C84-4739-8859-5CEECC077692}
		{E584209C-5AFB-4D43-9640-6088B98D2216} = {6C47D78E-B210-4B6B-B0D6-36BE7A4EDE39}
		{DE1C2AEB-08E5-4CFD-9447-D9BC85F53963} = {6C47D78E-B210-4B6B-B0D6-36BE7A4EDE39}
		{5A6E9A5C-A8DD-4E29-BC8B-9F82B3FB347E} = {C16C327F-A5C5-42BB-B5B0-55D9373B35C9}
		{72FD32D5-CD6B-46FF-8C7B-00A40D8E225F} = {C16C327F-A5C5-42BB-B5B0-55D9373B35C9}
		{875F2777-795E-498B-A980-4FE2C016C009} = {B0885F34-0A7F-4B92-8501-BABFB9659CB0}
		{677C823D-0E5A-4E59-8D1C-6885A0E899B4} = {B0885F34-0A7F-4B92-8501-BABFB9659CB0}
		{B211F981-AB4B-4826-929F-E85C21F390D9} = {B0885F34-0A7F-4B92-8501-BABFB9659CB0}
	EndGlobalSection
	GlobalSection(ExtensibilityGlobals) = postSolution
		SolutionGuid = {A766F1AE-88A5-4FED-80F6-CE9D844207FD}
	EndGlobalSection
EndGlobal
