
Microsoft Visual Studio Solution File, Format Version 12.00
# Visual Studio Version 16
VisualStudioVersion = 16.0.30523.141
MinimumVisualStudioVersion = 10.0.40219.1
Project("{2150E333-8FDC-42A3-9474-1A3956D46DE8}") = "September", "September", "{836DDB93-692A-41BF-BED4-33C5F10B1093}"
EndProject
Project("{2150E333-8FDC-42A3-9474-1A3956D46DE8}") = "October", "October", "{1CB31C24-4CAF-46A4-AD72-449080D64FF7}"
EndProject
Project("{2150E333-8FDC-42A3-9474-1A3956D46DE8}") = "November", "November", "{74158267-7EC5-4BC8-A3FD-B92B057E5E4C}"
EndProject
Project("{2150E333-8FDC-42A3-9474-1A3956D46DE8}") = "March", "March", "{7F217BAA-3337-4E43-A5F3-45DB15861F8D}"
EndProject
Project("{2150E333-8FDC-42A3-9474-1A3956D46DE8}") = "February", "February", "{2FAD6558-3201-4ABC-B0C8-FF5AE02F87BC}"
EndProject
Project("{2150E333-8FDC-42A3-9474-1A3956D46DE8}") = "December", "December", "{70156B60-6FD5-433A-A87B-3BAD4CB4CA5A}"
EndProject
Project("{8BC9CEB8-8B4A-11D0-8D11-00A0C91BC942}") = "1", "September\1\1.vcxproj", "{C0375518-E76A-4344-AE69-AF49F2172A67}"
EndProject
Project("{8BC9CEB8-8B4A-11D0-8D11-00A0C91BC942}") = "2", "September\2\2.vcxproj", "{8B817A43-BFC6-4427-A6F1-75B4852D3886}"
EndProject
Project("{8BC9CEB8-8B4A-11D0-8D11-00A0C91BC942}") = "3", "September\3\3.vcxproj", "{87727623-776A-4014-BF52-45CEB5C92365}"
EndProject
Project("{8BC9CEB8-8B4A-11D0-8D11-00A0C91BC942}") = "4", "October\4\4.vcxproj", "{BEB43815-E325-461E-818B-2FA1108A3BC0}"
EndProject
Project("{8BC9CEB8-8B4A-11D0-8D11-00A0C91BC942}") = "06.10 - Markov Algo", "October\06.10 - Markov Algo\06.10.vcxproj", "{FDB4CC08-B23B-4395-854E-130152713DC8}"
EndProject
Project("{8BC9CEB8-8B4A-11D0-8D11-00A0C91BC942}") = "09.10 - Zeros Counter", "October\09.10 - Zeros Counter\9.10.vcxproj", "{D916741A-C738-47CE-A686-12E34A93828F}"
EndProject
Project("{8BC9CEB8-8B4A-11D0-8D11-00A0C91BC942}") = "16.10 - Chess Deck and Knight", "October\16.10 - Chess Deck and Rook\16.10 - Chess Deck and Rook.vcxproj", "{D5E75313-9D1C-405A-93E7-6E88844C7842}"
EndProject
Project("{8BC9CEB8-8B4A-11D0-8D11-00A0C91BC942}") = "23.10 - Circles", "October\23.10 - Circles\23.10 -- Circles.vcxproj", "{733B4A5A-DF4A-4280-9187-06EA87B6F0B3}"
EndProject
Project("{8BC9CEB8-8B4A-11D0-8D11-00A0C91BC942}") = "27.10 - Find a number in input", "October\27.10 - Find a number in input\27.10 - Find a number in input.vcxproj", "{4FD66B00-ED2C-4502-B503-18001B037B21}"
EndProject
Project("{8BC9CEB8-8B4A-11D0-8D11-00A0C91BC942}") = "27.10 - Sum of numbers in N", "October\27.10 - Sum of numbers of N\27.10 - Sum of numbers of N.vcxproj", "{0690A150-6D75-498C-B764-256C514741F3}"
EndProject
Project("{8BC9CEB8-8B4A-11D0-8D11-00A0C91BC942}") = "30.10 - Equation", "October\30.10 - Equation\30.10 - Equation.vcxproj", "{2FBB27E7-0EEF-4B48-B78C-41B768823F77}"
EndProject
Project("{8BC9CEB8-8B4A-11D0-8D11-00A0C91BC942}") = "30.10 - Salary", "October\30.10 - Salary\30.10 - Salary.vcxproj", "{84FD2396-D2F2-4E6C-90B4-4E6EDB68F051}"
EndProject
Project("{8BC9CEB8-8B4A-11D0-8D11-00A0C91BC942}") = "Laba4 [17.11]", "November\Laba4 [17.11]\Laba4 [17.11].vcxproj", "{5A6E9A5C-A8DD-4E29-BC8B-9F82B3FB347E}"
EndProject
Project("{8BC9CEB8-8B4A-11D0-8D11-00A0C91BC942}") = "Laba5 [24.11]", "November\Laba5 [24.11]\Laba5 [24.11].vcxproj", "{72FD32D5-CD6B-46FF-8C7B-00A40D8E225F}"
EndProject
Project("{2150E333-8FDC-42A3-9474-1A3956D46DE8}") = "10.11", "10.11", "{1ECE4F0C-597E-492F-A0A2-6F59C29853D5}"
EndProject
Project("{2150E333-8FDC-42A3-9474-1A3956D46DE8}") = "17.11", "17.11", "{46CA8FD6-69B9-44C6-9B3D-467B498A91C1}"
EndProject
Project("{8BC9CEB8-8B4A-11D0-8D11-00A0C91BC942}") = "Check letter in word", "November\10.11\Check letter in word\Check letter in word.vcxproj", "{C596BA7B-0901-4BB2-B81F-0C3D1335495C}"
EndProject
Project("{8BC9CEB8-8B4A-11D0-8D11-00A0C91BC942}") = "CheckSort", "November\10.11\CheckSort\CheckSort.vcxproj", "{896D1CAB-1C99-4490-B4E9-8B5C600075B0}"
EndProject
Project("{8BC9CEB8-8B4A-11D0-8D11-00A0C91BC942}") = "CheckZ", "November\10.11\CheckZ\CheckZ.vcxproj", "{BE1111AB-9D79-4E6F-9003-016EDD3C23AD}"
EndProject
Project("{8BC9CEB8-8B4A-11D0-8D11-00A0C91BC942}") = "MaxAndMinNumberInSequence", "November\10.11\MaxNumberInSequence\MaxNumberInSequence.vcxproj", "{09E50DA5-23B2-461D-9BD1-B30A76DDD73D}"
EndProject
Project("{8BC9CEB8-8B4A-11D0-8D11-00A0C91BC942}") = "NegativeVsPositive", "November\10.11\NegativeVsPositive\NegativeVsPositive.vcxproj", "{D900524C-3E7E-4806-B207-3093F747CA2C}"
EndProject
Project("{8BC9CEB8-8B4A-11D0-8D11-00A0C91BC942}") = "OddNumbers", "November\10.11\OddNumbers\OddNumbers.vcxproj", "{25CEC866-4D87-419D-9AB0-623A0CFAA762}"
EndProject
Project("{8BC9CEB8-8B4A-11D0-8D11-00A0C91BC942}") = "SwitchMonths", "November\10.11\SwitchMonths\SwitchMonths.vcxproj", "{2CA2D204-CA69-4567-B291-1D946F9DA4F9}"
EndProject
Project("{8BC9CEB8-8B4A-11D0-8D11-00A0C91BC942}") = "EmptySquare", "November\17.11\EmptySquare\EmptySquare.vcxproj", "{48FD1831-7D22-4832-B79D-7276DCD6B25F}"
EndProject
Project("{8BC9CEB8-8B4A-11D0-8D11-00A0C91BC942}") = "Equation-2", "November\17.11\Equalation-2\Equalation-2.vcxproj", "{A6EBDF74-B452-4CC1-847C-99A82562D2E0}"
EndProject
Project("{8BC9CEB8-8B4A-11D0-8D11-00A0C91BC942}") = "Equation-1", "November\17.11\Equation\Equation.vcxproj", "{389E4C58-17BA-45D6-A28D-0E21594CA26F}"
EndProject
Project("{8BC9CEB8-8B4A-11D0-8D11-00A0C91BC942}") = "Equation-3", "November\17.11\Equation-3\Equation-3.vcxproj", "{D835BC9A-90B1-4CEA-ABCF-DCB0824C49ED}"
EndProject
Project("{8BC9CEB8-8B4A-11D0-8D11-00A0C91BC942}") = "Lamp", "November\17.11\Lamp\Lamp.vcxproj", "{DE1C2AEB-08E5-4CFD-9447-D9BC85F53963}"
EndProject
Project("{8BC9CEB8-8B4A-11D0-8D11-00A0C91BC942}") = "QuadroEq", "November\17.11\QuadroEq\QuadroEq.vcxproj", "{E584209C-5AFB-4D43-9640-6088B98D2216}"
EndProject
Project("{8BC9CEB8-8B4A-11D0-8D11-00A0C91BC942}") = "Triangle-1", "November\17.11\Triangle-1\Triangle-1.vcxproj", "{1D6F9FEB-AEDA-45AF-9B48-34D3B8931C88}"
EndProject
Project("{8BC9CEB8-8B4A-11D0-8D11-00A0C91BC942}") = "Triangle-2", "November\17.11\Triangle-2\Triangle-2.vcxproj", "{B3FA4093-6E22-4826-894E-C497281CCE16}"
EndProject
Project("{8BC9CEB8-8B4A-11D0-8D11-00A0C91BC942}") = "Laba3", "December\Laba3\Laba3.vcxproj", "{082A02CD-36A9-493A-8CD2-AA73418991E0}"
EndProject
Project("{8BC9CEB8-8B4A-11D0-8D11-00A0C91BC942}") = "Laba7.1 [8.12]", "December\Laba7 [8.12]\Laba7 [8.12].vcxproj", "{875F2777-795E-498B-A980-4FE2C016C009}"
EndProject
Project("{8BC9CEB8-8B4A-11D0-8D11-00A0C91BC942}") = "Laba7.2 [8.12]", "December\Laba7.2 [8.12]\Laba7.2 [8.12].vcxproj", "{677C823D-0E5A-4E59-8D1C-6885A0E899B4}"
EndProject
Project("{8BC9CEB8-8B4A-11D0-8D11-00A0C91BC942}") = "Laba8 [15.12]", "December\Laba8 [15.12]\Laba8 [15.12].vcxproj", "{B211F981-AB4B-4826-929F-E85C21F390D9}"
EndProject
Project("{8BC9CEB8-8B4A-11D0-8D11-00A0C91BC942}") = "Laba-sorting-algo", "December\Laba-sorting-algo\Laba9.vcxproj", "{6632571E-33BB-4BBC-AD67-563C47292BF8}"
EndProject
Project("{8BC9CEB8-8B4A-11D0-8D11-00A0C91BC942}") = "Laba8-struct [02.02]", "February\Laba8 [02.02]\Laba8 [02.02].vcxproj", "{AAC83E6C-437C-4045-AD14-980C72FE67F3}"
EndProject
Project("{8BC9CEB8-8B4A-11D0-8D11-00A0C91BC942}") = "Laba9-io [02.02]", "February\Laba9-io\Laba9-io.vcxproj", "{AF1B04BD-ED15-4950-945C-BBAA645E3A24}"
EndProject
Project("{8BC9CEB8-8B4A-11D0-8D11-00A0C91BC942}") = "Laba10-dynamic memory [04.02]", "February\Laba10-dynamic memory [04.02]\Laba10-dynamic memory [04.02].vcxproj", "{B570532B-11CB-4370-A932-679AA22915F0}"
EndProject
Project("{8BC9CEB8-8B4A-11D0-8D11-00A0C91BC942}") = "Laba11-doubly linked list [06.02]", "February\Laba11-doubly linked list [06.02]\Laba11-doubly linked list [06.02].vcxproj", "{DBD5882E-78F8-4CF5-90FF-211F44F8CF3A}"
EndProject
Project("{8BC9CEB8-8B4A-11D0-8D11-00A0C91BC942}") = "Laba11-linked list [05.02]", "February\Laba11-linked list [05.02]\Laba11-linked list [05.02].vcxproj", "{BACC7EE4-A3DF-49B2-A3C0-C92ACA57DAA8}"
EndProject
Project("{8BC9CEB8-8B4A-11D0-8D11-00A0C91BC942}") = "Laba11-queue [06.02]", "February\Laba11-queue [06.02]\Laba11-queue [06.02].vcxproj", "{A65B84B7-2CD2-4436-A223-8E603CAFC47A}"
EndProject
Project("{8BC9CEB8-8B4A-11D0-8D11-00A0C91BC942}") = "Laba11-stack [06.02]", "February\Laba11-stack [06.02]\Laba11-stack [06.02].vcxproj", "{3E29E6BE-8C9F-4EF5-95EC-82EA485F81CE}"
EndProject
Project("{8BC9CEB8-8B4A-11D0-8D11-00A0C91BC942}") = "Laba12-search methods [12.02]", "February\Laba12-search methods [12.02]\Laba12-search methods [12.02].vcxproj", "{10D68A69-65CD-49AF-8C2C-34001EF25877}"
EndProject
Project("{8BC9CEB8-8B4A-11D0-8D11-00A0C91BC942}") = "Laba13-8 queens", "February\Laba13-8 queens\Laba13-8 queens.vcxproj", "{D7AEA3A8-8981-4D87-8FB5-223C4B559C51}"
EndProject
Project("{8BC9CEB8-8B4A-11D0-8D11-00A0C91BC942}") = "Laba14-advanced search", "March\Laba14-advanced search\Laba14-advanced search.vcxproj", "{86FF3B3B-78B5-4C01-BB15-21A1DE5A001C}"
EndProject
Project("{8BC9CEB8-8B4A-11D0-8D11-00A0C91BC942}") = "Laba15-advanced sort", "March\Laba15-advanced sort\Laba15-advanced sort.vcxproj", "{72C6AC64-F71E-433D-8370-12CA1178E4DC}"
EndProject
Project("{8BC9CEB8-8B4A-11D0-8D11-00A0C91BC942}") = "Laba16-sort sort sort", "March\Laba16-sort sort sort\Laba16-sort sort sort.vcxproj", "{65CD214D-18AA-4711-AF02-106DE1B95230}"
EndProject
Project("{2150E333-8FDC-42A3-9474-1A3956D46DE8}") = "Laba18 [OOP]", "Laba18 [OOP]", "{F50D0288-0CBD-40E5-B103-C1CF5611FF80}"
EndProject
Project("{8BC9CEB8-8B4A-11D0-8D11-00A0C91BC942}") = "Laba18.1-Classes", "March\OOP\Laba18.1-Classes\Laba18-Classes.vcxproj", "{A1F4AB90-5B37-408E-8A14-522BC1C8610C}"
EndProject
Project("{8BC9CEB8-8B4A-11D0-8D11-00A0C91BC942}") = "Laba18.2-Constructors", "March\OOP\Laba18.2-Constructors\Laba18.2-Constructors.vcxproj", "{3DC25C11-1FBC-493C-9285-680261D8F420}"
EndProject
Project("{8BC9CEB8-8B4A-11D0-8D11-00A0C91BC942}") = "Laba19-Stack via Class", "March\Laba19-Stack via Class\Laba19-Stack via Class.vcxproj", "{1AAC8596-5E53-491E-A75D-942899DF4D46}"
EndProject
Project("{8BC9CEB8-8B4A-11D0-8D11-00A0C91BC942}") = "Laba18.3-Overload", "March\OOP\Laba18.3-Overload\Laba18.3-Overload.vcxproj", "{1F3ED2F1-B687-4A60-AF48-99D0DA49D45C}"
EndProject
Project("{8BC9CEB8-8B4A-11D0-8D11-00A0C91BC942}") = "Laba17-hash", "March\Laba17-hash\Laba17-hash.vcxproj", "{CA589570-A60E-4962-ADF6-0DC76AAE449A}"
EndProject
Project("{8BC9CEB8-8B4A-11D0-8D11-00A0C91BC942}") = "Laba18.4 - Inheritance", "March\OOP\Laba18.4 - Inheritance\Laba18.4 - Inheritance.vcxproj", "{8F0CBD1D-B7A8-4787-8CBE-A6EDF3291374}"
EndProject
Project("{8BC9CEB8-8B4A-11D0-8D11-00A0C91BC942}") = "Laba18.5 - Abstract Classes", "March\OOP\Laba18.5 - Abstract Classes\Laba18.5 - Abstract Classes.vcxproj", "{D1FCA1A8-4B5E-43F2-863B-BA5B48FEB72E}"
EndProject
Project("{8BC9CEB8-8B4A-11D0-8D11-00A0C91BC942}") = "Laba18.6 - Vector", "March\OOP\Laba18.6 - Vector\Laba18.6 - Vector.vcxproj", "{02C7A5D0-8123-427B-87F9-F0EB823E0FFC}"
EndProject
Project("{8BC9CEB8-8B4A-11D0-8D11-00A0C91BC942}") = "Laba18.7 - Templates", "March\OOP\Laba18.7 - Templates\Laba18.7 - Templates.vcxproj", "{209311F9-8057-4788-9A24-EE6242554ED4}"
EndProject
Global
	GlobalSection(SolutionConfigurationPlatforms) = preSolution
		Debug|x64 = Debug|x64
		Debug|x86 = Debug|x86
		Release|x64 = Release|x64
		Release|x86 = Release|x86
	EndGlobalSection
	GlobalSection(ProjectConfigurationPlatforms) = postSolution
		{C0375518-E76A-4344-AE69-AF49F2172A67}.Debug|x64.ActiveCfg = Debug|x64
		{C0375518-E76A-4344-AE69-AF49F2172A67}.Debug|x64.Build.0 = Debug|x64
		{C0375518-E76A-4344-AE69-AF49F2172A67}.Debug|x86.ActiveCfg = Debug|Win32
		{C0375518-E76A-4344-AE69-AF49F2172A67}.Debug|x86.Build.0 = Debug|Win32
		{C0375518-E76A-4344-AE69-AF49F2172A67}.Release|x64.ActiveCfg = Release|x64
		{C0375518-E76A-4344-AE69-AF49F2172A67}.Release|x64.Build.0 = Release|x64
		{C0375518-E76A-4344-AE69-AF49F2172A67}.Release|x86.ActiveCfg = Release|Win32
		{C0375518-E76A-4344-AE69-AF49F2172A67}.Release|x86.Build.0 = Release|Win32
		{8B817A43-BFC6-4427-A6F1-75B4852D3886}.Debug|x64.ActiveCfg = Debug|x64
		{8B817A43-BFC6-4427-A6F1-75B4852D3886}.Debug|x64.Build.0 = Debug|x64
		{8B817A43-BFC6-4427-A6F1-75B4852D3886}.Debug|x86.ActiveCfg = Debug|Win32
		{8B817A43-BFC6-4427-A6F1-75B4852D3886}.Debug|x86.Build.0 = Debug|Win32
		{8B817A43-BFC6-4427-A6F1-75B4852D3886}.Release|x64.ActiveCfg = Release|x64
		{8B817A43-BFC6-4427-A6F1-75B4852D3886}.Release|x64.Build.0 = Release|x64
		{8B817A43-BFC6-4427-A6F1-75B4852D3886}.Release|x86.ActiveCfg = Release|Win32
		{8B817A43-BFC6-4427-A6F1-75B4852D3886}.Release|x86.Build.0 = Release|Win32
		{87727623-776A-4014-BF52-45CEB5C92365}.Debug|x64.ActiveCfg = Debug|x64
		{87727623-776A-4014-BF52-45CEB5C92365}.Debug|x64.Build.0 = Debug|x64
		{87727623-776A-4014-BF52-45CEB5C92365}.Debug|x86.ActiveCfg = Debug|Win32
		{87727623-776A-4014-BF52-45CEB5C92365}.Debug|x86.Build.0 = Debug|Win32
		{87727623-776A-4014-BF52-45CEB5C92365}.Release|x64.ActiveCfg = Release|x64
		{87727623-776A-4014-BF52-45CEB5C92365}.Release|x64.Build.0 = Release|x64
		{87727623-776A-4014-BF52-45CEB5C92365}.Release|x86.ActiveCfg = Release|Win32
		{87727623-776A-4014-BF52-45CEB5C92365}.Release|x86.Build.0 = Release|Win32
		{BEB43815-E325-461E-818B-2FA1108A3BC0}.Debug|x64.ActiveCfg = Debug|x64
		{BEB43815-E325-461E-818B-2FA1108A3BC0}.Debug|x64.Build.0 = Debug|x64
		{BEB43815-E325-461E-818B-2FA1108A3BC0}.Debug|x86.ActiveCfg = Debug|Win32
		{BEB43815-E325-461E-818B-2FA1108A3BC0}.Debug|x86.Build.0 = Debug|Win32
		{BEB43815-E325-461E-818B-2FA1108A3BC0}.Release|x64.ActiveCfg = Release|x64
		{BEB43815-E325-461E-818B-2FA1108A3BC0}.Release|x64.Build.0 = Release|x64
		{BEB43815-E325-461E-818B-2FA1108A3BC0}.Release|x86.ActiveCfg = Release|Win32
		{BEB43815-E325-461E-818B-2FA1108A3BC0}.Release|x86.Build.0 = Release|Win32
		{FDB4CC08-B23B-4395-854E-130152713DC8}.Debug|x64.ActiveCfg = Debug|x64
		{FDB4CC08-B23B-4395-854E-130152713DC8}.Debug|x64.Build.0 = Debug|x64
		{FDB4CC08-B23B-4395-854E-130152713DC8}.Debug|x86.ActiveCfg = Debug|Win32
		{FDB4CC08-B23B-4395-854E-130152713DC8}.Debug|x86.Build.0 = Debug|Win32
		{FDB4CC08-B23B-4395-854E-130152713DC8}.Release|x64.ActiveCfg = Release|x64
		{FDB4CC08-B23B-4395-854E-130152713DC8}.Release|x64.Build.0 = Release|x64
		{FDB4CC08-B23B-4395-854E-130152713DC8}.Release|x86.ActiveCfg = Release|Win32
		{FDB4CC08-B23B-4395-854E-130152713DC8}.Release|x86.Build.0 = Release|Win32
		{D916741A-C738-47CE-A686-12E34A93828F}.Debug|x64.ActiveCfg = Debug|x64
		{D916741A-C738-47CE-A686-12E34A93828F}.Debug|x64.Build.0 = Debug|x64
		{D916741A-C738-47CE-A686-12E34A93828F}.Debug|x86.ActiveCfg = Debug|Win32
		{D916741A-C738-47CE-A686-12E34A93828F}.Debug|x86.Build.0 = Debug|Win32
		{D916741A-C738-47CE-A686-12E34A93828F}.Release|x64.ActiveCfg = Release|x64
		{D916741A-C738-47CE-A686-12E34A93828F}.Release|x64.Build.0 = Release|x64
		{D916741A-C738-47CE-A686-12E34A93828F}.Release|x86.ActiveCfg = Release|Win32
		{D916741A-C738-47CE-A686-12E34A93828F}.Release|x86.Build.0 = Release|Win32
		{D5E75313-9D1C-405A-93E7-6E88844C7842}.Debug|x64.ActiveCfg = Debug|x64
		{D5E75313-9D1C-405A-93E7-6E88844C7842}.Debug|x64.Build.0 = Debug|x64
		{D5E75313-9D1C-405A-93E7-6E88844C7842}.Debug|x86.ActiveCfg = Debug|Win32
		{D5E75313-9D1C-405A-93E7-6E88844C7842}.Debug|x86.Build.0 = Debug|Win32
		{D5E75313-9D1C-405A-93E7-6E88844C7842}.Release|x64.ActiveCfg = Release|x64
		{D5E75313-9D1C-405A-93E7-6E88844C7842}.Release|x64.Build.0 = Release|x64
		{D5E75313-9D1C-405A-93E7-6E88844C7842}.Release|x86.ActiveCfg = Release|Win32
		{D5E75313-9D1C-405A-93E7-6E88844C7842}.Release|x86.Build.0 = Release|Win32
		{733B4A5A-DF4A-4280-9187-06EA87B6F0B3}.Debug|x64.ActiveCfg = Debug|x64
		{733B4A5A-DF4A-4280-9187-06EA87B6F0B3}.Debug|x64.Build.0 = Debug|x64
		{733B4A5A-DF4A-4280-9187-06EA87B6F0B3}.Debug|x86.ActiveCfg = Debug|Win32
		{733B4A5A-DF4A-4280-9187-06EA87B6F0B3}.Debug|x86.Build.0 = Debug|Win32
		{733B4A5A-DF4A-4280-9187-06EA87B6F0B3}.Release|x64.ActiveCfg = Release|x64
		{733B4A5A-DF4A-4280-9187-06EA87B6F0B3}.Release|x64.Build.0 = Release|x64
		{733B4A5A-DF4A-4280-9187-06EA87B6F0B3}.Release|x86.ActiveCfg = Release|Win32
		{733B4A5A-DF4A-4280-9187-06EA87B6F0B3}.Release|x86.Build.0 = Release|Win32
		{4FD66B00-ED2C-4502-B503-18001B037B21}.Debug|x64.ActiveCfg = Debug|x64
		{4FD66B00-ED2C-4502-B503-18001B037B21}.Debug|x64.Build.0 = Debug|x64
		{4FD66B00-ED2C-4502-B503-18001B037B21}.Debug|x86.ActiveCfg = Debug|Win32
		{4FD66B00-ED2C-4502-B503-18001B037B21}.Debug|x86.Build.0 = Debug|Win32
		{4FD66B00-ED2C-4502-B503-18001B037B21}.Release|x64.ActiveCfg = Release|x64
		{4FD66B00-ED2C-4502-B503-18001B037B21}.Release|x64.Build.0 = Release|x64
		{4FD66B00-ED2C-4502-B503-18001B037B21}.Release|x86.ActiveCfg = Release|Win32
		{4FD66B00-ED2C-4502-B503-18001B037B21}.Release|x86.Build.0 = Release|Win32
		{0690A150-6D75-498C-B764-256C514741F3}.Debug|x64.ActiveCfg = Debug|x64
		{0690A150-6D75-498C-B764-256C514741F3}.Debug|x64.Build.0 = Debug|x64
		{0690A150-6D75-498C-B764-256C514741F3}.Debug|x86.ActiveCfg = Debug|Win32
		{0690A150-6D75-498C-B764-256C514741F3}.Debug|x86.Build.0 = Debug|Win32
		{0690A150-6D75-498C-B764-256C514741F3}.Release|x64.ActiveCfg = Release|x64
		{0690A150-6D75-498C-B764-256C514741F3}.Release|x64.Build.0 = Release|x64
		{0690A150-6D75-498C-B764-256C514741F3}.Release|x86.ActiveCfg = Release|Win32
		{0690A150-6D75-498C-B764-256C514741F3}.Release|x86.Build.0 = Release|Win32
		{2FBB27E7-0EEF-4B48-B78C-41B768823F77}.Debug|x64.ActiveCfg = Debug|x64
		{2FBB27E7-0EEF-4B48-B78C-41B768823F77}.Debug|x64.Build.0 = Debug|x64
		{2FBB27E7-0EEF-4B48-B78C-41B768823F77}.Debug|x86.ActiveCfg = Debug|Win32
		{2FBB27E7-0EEF-4B48-B78C-41B768823F77}.Debug|x86.Build.0 = Debug|Win32
		{2FBB27E7-0EEF-4B48-B78C-41B768823F77}.Release|x64.ActiveCfg = Release|x64
		{2FBB27E7-0EEF-4B48-B78C-41B768823F77}.Release|x64.Build.0 = Release|x64
		{2FBB27E7-0EEF-4B48-B78C-41B768823F77}.Release|x86.ActiveCfg = Release|Win32
		{2FBB27E7-0EEF-4B48-B78C-41B768823F77}.Release|x86.Build.0 = Release|Win32
		{84FD2396-D2F2-4E6C-90B4-4E6EDB68F051}.Debug|x64.ActiveCfg = Debug|x64
		{84FD2396-D2F2-4E6C-90B4-4E6EDB68F051}.Debug|x64.Build.0 = Debug|x64
		{84FD2396-D2F2-4E6C-90B4-4E6EDB68F051}.Debug|x86.ActiveCfg = Debug|Win32
		{84FD2396-D2F2-4E6C-90B4-4E6EDB68F051}.Debug|x86.Build.0 = Debug|Win32
		{84FD2396-D2F2-4E6C-90B4-4E6EDB68F051}.Release|x64.ActiveCfg = Release|x64
		{84FD2396-D2F2-4E6C-90B4-4E6EDB68F051}.Release|x64.Build.0 = Release|x64
		{84FD2396-D2F2-4E6C-90B4-4E6EDB68F051}.Release|x86.ActiveCfg = Release|Win32
		{84FD2396-D2F2-4E6C-90B4-4E6EDB68F051}.Release|x86.Build.0 = Release|Win32
		{5A6E9A5C-A8DD-4E29-BC8B-9F82B3FB347E}.Debug|x64.ActiveCfg = Debug|x64
		{5A6E9A5C-A8DD-4E29-BC8B-9F82B3FB347E}.Debug|x64.Build.0 = Debug|x64
		{5A6E9A5C-A8DD-4E29-BC8B-9F82B3FB347E}.Debug|x86.ActiveCfg = Debug|Win32
		{5A6E9A5C-A8DD-4E29-BC8B-9F82B3FB347E}.Debug|x86.Build.0 = Debug|Win32
		{5A6E9A5C-A8DD-4E29-BC8B-9F82B3FB347E}.Release|x64.ActiveCfg = Release|x64
		{5A6E9A5C-A8DD-4E29-BC8B-9F82B3FB347E}.Release|x64.Build.0 = Release|x64
		{5A6E9A5C-A8DD-4E29-BC8B-9F82B3FB347E}.Release|x86.ActiveCfg = Release|Win32
		{5A6E9A5C-A8DD-4E29-BC8B-9F82B3FB347E}.Release|x86.Build.0 = Release|Win32
		{72FD32D5-CD6B-46FF-8C7B-00A40D8E225F}.Debug|x64.ActiveCfg = Debug|x64
		{72FD32D5-CD6B-46FF-8C7B-00A40D8E225F}.Debug|x64.Build.0 = Debug|x64
		{72FD32D5-CD6B-46FF-8C7B-00A40D8E225F}.Debug|x86.ActiveCfg = Debug|Win32
		{72FD32D5-CD6B-46FF-8C7B-00A40D8E225F}.Debug|x86.Build.0 = Debug|Win32
		{72FD32D5-CD6B-46FF-8C7B-00A40D8E225F}.Release|x64.ActiveCfg = Release|x64
		{72FD32D5-CD6B-46FF-8C7B-00A40D8E225F}.Release|x64.Build.0 = Release|x64
		{72FD32D5-CD6B-46FF-8C7B-00A40D8E225F}.Release|x86.ActiveCfg = Release|Win32
		{72FD32D5-CD6B-46FF-8C7B-00A40D8E225F}.Release|x86.Build.0 = Release|Win32
		{C596BA7B-0901-4BB2-B81F-0C3D1335495C}.Debug|x64.ActiveCfg = Debug|x64
		{C596BA7B-0901-4BB2-B81F-0C3D1335495C}.Debug|x64.Build.0 = Debug|x64
		{C596BA7B-0901-4BB2-B81F-0C3D1335495C}.Debug|x86.ActiveCfg = Debug|Win32
		{C596BA7B-0901-4BB2-B81F-0C3D1335495C}.Debug|x86.Build.0 = Debug|Win32
		{C596BA7B-0901-4BB2-B81F-0C3D1335495C}.Release|x64.ActiveCfg = Release|x64
		{C596BA7B-0901-4BB2-B81F-0C3D1335495C}.Release|x64.Build.0 = Release|x64
		{C596BA7B-0901-4BB2-B81F-0C3D1335495C}.Release|x86.ActiveCfg = Release|Win32
		{C596BA7B-0901-4BB2-B81F-0C3D1335495C}.Release|x86.Build.0 = Release|Win32
		{896D1CAB-1C99-4490-B4E9-8B5C600075B0}.Debug|x64.ActiveCfg = Debug|x64
		{896D1CAB-1C99-4490-B4E9-8B5C600075B0}.Debug|x64.Build.0 = Debug|x64
		{896D1CAB-1C99-4490-B4E9-8B5C600075B0}.Debug|x86.ActiveCfg = Debug|Win32
		{896D1CAB-1C99-4490-B4E9-8B5C600075B0}.Debug|x86.Build.0 = Debug|Win32
		{896D1CAB-1C99-4490-B4E9-8B5C600075B0}.Release|x64.ActiveCfg = Release|x64
		{896D1CAB-1C99-4490-B4E9-8B5C600075B0}.Release|x64.Build.0 = Release|x64
		{896D1CAB-1C99-4490-B4E9-8B5C600075B0}.Release|x86.ActiveCfg = Release|Win32
		{896D1CAB-1C99-4490-B4E9-8B5C600075B0}.Release|x86.Build.0 = Release|Win32
		{BE1111AB-9D79-4E6F-9003-016EDD3C23AD}.Debug|x64.ActiveCfg = Debug|x64
		{BE1111AB-9D79-4E6F-9003-016EDD3C23AD}.Debug|x64.Build.0 = Debug|x64
		{BE1111AB-9D79-4E6F-9003-016EDD3C23AD}.Debug|x86.ActiveCfg = Debug|Win32
		{BE1111AB-9D79-4E6F-9003-016EDD3C23AD}.Debug|x86.Build.0 = Debug|Win32
		{BE1111AB-9D79-4E6F-9003-016EDD3C23AD}.Release|x64.ActiveCfg = Release|x64
		{BE1111AB-9D79-4E6F-9003-016EDD3C23AD}.Release|x64.Build.0 = Release|x64
		{BE1111AB-9D79-4E6F-9003-016EDD3C23AD}.Release|x86.ActiveCfg = Release|Win32
		{BE1111AB-9D79-4E6F-9003-016EDD3C23AD}.Release|x86.Build.0 = Release|Win32
		{09E50DA5-23B2-461D-9BD1-B30A76DDD73D}.Debug|x64.ActiveCfg = Debug|x64
		{09E50DA5-23B2-461D-9BD1-B30A76DDD73D}.Debug|x64.Build.0 = Debug|x64
		{09E50DA5-23B2-461D-9BD1-B30A76DDD73D}.Debug|x86.ActiveCfg = Debug|Win32
		{09E50DA5-23B2-461D-9BD1-B30A76DDD73D}.Debug|x86.Build.0 = Debug|Win32
		{09E50DA5-23B2-461D-9BD1-B30A76DDD73D}.Release|x64.ActiveCfg = Release|x64
		{09E50DA5-23B2-461D-9BD1-B30A76DDD73D}.Release|x64.Build.0 = Release|x64
		{09E50DA5-23B2-461D-9BD1-B30A76DDD73D}.Release|x86.ActiveCfg = Release|Win32
		{09E50DA5-23B2-461D-9BD1-B30A76DDD73D}.Release|x86.Build.0 = Release|Win32
		{D900524C-3E7E-4806-B207-3093F747CA2C}.Debug|x64.ActiveCfg = Debug|x64
		{D900524C-3E7E-4806-B207-3093F747CA2C}.Debug|x64.Build.0 = Debug|x64
		{D900524C-3E7E-4806-B207-3093F747CA2C}.Debug|x86.ActiveCfg = Debug|Win32
		{D900524C-3E7E-4806-B207-3093F747CA2C}.Debug|x86.Build.0 = Debug|Win32
		{D900524C-3E7E-4806-B207-3093F747CA2C}.Release|x64.ActiveCfg = Release|x64
		{D900524C-3E7E-4806-B207-3093F747CA2C}.Release|x64.Build.0 = Release|x64
		{D900524C-3E7E-4806-B207-3093F747CA2C}.Release|x86.ActiveCfg = Release|Win32
		{D900524C-3E7E-4806-B207-3093F747CA2C}.Release|x86.Build.0 = Release|Win32
		{25CEC866-4D87-419D-9AB0-623A0CFAA762}.Debug|x64.ActiveCfg = Debug|x64
		{25CEC866-4D87-419D-9AB0-623A0CFAA762}.Debug|x64.Build.0 = Debug|x64
		{25CEC866-4D87-419D-9AB0-623A0CFAA762}.Debug|x86.ActiveCfg = Debug|Win32
		{25CEC866-4D87-419D-9AB0-623A0CFAA762}.Debug|x86.Build.0 = Debug|Win32
		{25CEC866-4D87-419D-9AB0-623A0CFAA762}.Release|x64.ActiveCfg = Release|x64
		{25CEC866-4D87-419D-9AB0-623A0CFAA762}.Release|x64.Build.0 = Release|x64
		{25CEC866-4D87-419D-9AB0-623A0CFAA762}.Release|x86.ActiveCfg = Release|Win32
		{25CEC866-4D87-419D-9AB0-623A0CFAA762}.Release|x86.Build.0 = Release|Win32
		{2CA2D204-CA69-4567-B291-1D946F9DA4F9}.Debug|x64.ActiveCfg = Debug|x64
		{2CA2D204-CA69-4567-B291-1D946F9DA4F9}.Debug|x64.Build.0 = Debug|x64
		{2CA2D204-CA69-4567-B291-1D946F9DA4F9}.Debug|x86.ActiveCfg = Debug|Win32
		{2CA2D204-CA69-4567-B291-1D946F9DA4F9}.Debug|x86.Build.0 = Debug|Win32
		{2CA2D204-CA69-4567-B291-1D946F9DA4F9}.Release|x64.ActiveCfg = Release|x64
		{2CA2D204-CA69-4567-B291-1D946F9DA4F9}.Release|x64.Build.0 = Release|x64
		{2CA2D204-CA69-4567-B291-1D946F9DA4F9}.Release|x86.ActiveCfg = Release|Win32
		{2CA2D204-CA69-4567-B291-1D946F9DA4F9}.Release|x86.Build.0 = Release|Win32
		{48FD1831-7D22-4832-B79D-7276DCD6B25F}.Debug|x64.ActiveCfg = Debug|x64
		{48FD1831-7D22-4832-B79D-7276DCD6B25F}.Debug|x64.Build.0 = Debug|x64
		{48FD1831-7D22-4832-B79D-7276DCD6B25F}.Debug|x86.ActiveCfg = Debug|Win32
		{48FD1831-7D22-4832-B79D-7276DCD6B25F}.Debug|x86.Build.0 = Debug|Win32
		{48FD1831-7D22-4832-B79D-7276DCD6B25F}.Release|x64.ActiveCfg = Release|x64
		{48FD1831-7D22-4832-B79D-7276DCD6B25F}.Release|x64.Build.0 = Release|x64
		{48FD1831-7D22-4832-B79D-7276DCD6B25F}.Release|x86.ActiveCfg = Release|Win32
		{48FD1831-7D22-4832-B79D-7276DCD6B25F}.Release|x86.Build.0 = Release|Win32
		{A6EBDF74-B452-4CC1-847C-99A82562D2E0}.Debug|x64.ActiveCfg = Debug|x64
		{A6EBDF74-B452-4CC1-847C-99A82562D2E0}.Debug|x64.Build.0 = Debug|x64
		{A6EBDF74-B452-4CC1-847C-99A82562D2E0}.Debug|x86.ActiveCfg = Debug|Win32
		{A6EBDF74-B452-4CC1-847C-99A82562D2E0}.Debug|x86.Build.0 = Debug|Win32
		{A6EBDF74-B452-4CC1-847C-99A82562D2E0}.Release|x64.ActiveCfg = Release|x64
		{A6EBDF74-B452-4CC1-847C-99A82562D2E0}.Release|x64.Build.0 = Release|x64
		{A6EBDF74-B452-4CC1-847C-99A82562D2E0}.Release|x86.ActiveCfg = Release|Win32
		{A6EBDF74-B452-4CC1-847C-99A82562D2E0}.Release|x86.Build.0 = Release|Win32
		{389E4C58-17BA-45D6-A28D-0E21594CA26F}.Debug|x64.ActiveCfg = Debug|x64
		{389E4C58-17BA-45D6-A28D-0E21594CA26F}.Debug|x64.Build.0 = Debug|x64
		{389E4C58-17BA-45D6-A28D-0E21594CA26F}.Debug|x86.ActiveCfg = Debug|Win32
		{389E4C58-17BA-45D6-A28D-0E21594CA26F}.Debug|x86.Build.0 = Debug|Win32
		{389E4C58-17BA-45D6-A28D-0E21594CA26F}.Release|x64.ActiveCfg = Release|x64
		{389E4C58-17BA-45D6-A28D-0E21594CA26F}.Release|x64.Build.0 = Release|x64
		{389E4C58-17BA-45D6-A28D-0E21594CA26F}.Release|x86.ActiveCfg = Release|Win32
		{389E4C58-17BA-45D6-A28D-0E21594CA26F}.Release|x86.Build.0 = Release|Win32
		{D835BC9A-90B1-4CEA-ABCF-DCB0824C49ED}.Debug|x64.ActiveCfg = Debug|x64
		{D835BC9A-90B1-4CEA-ABCF-DCB0824C49ED}.Debug|x64.Build.0 = Debug|x64
		{D835BC9A-90B1-4CEA-ABCF-DCB0824C49ED}.Debug|x86.ActiveCfg = Debug|Win32
		{D835BC9A-90B1-4CEA-ABCF-DCB0824C49ED}.Debug|x86.Build.0 = Debug|Win32
		{D835BC9A-90B1-4CEA-ABCF-DCB0824C49ED}.Release|x64.ActiveCfg = Release|x64
		{D835BC9A-90B1-4CEA-ABCF-DCB0824C49ED}.Release|x64.Build.0 = Release|x64
		{D835BC9A-90B1-4CEA-ABCF-DCB0824C49ED}.Release|x86.ActiveCfg = Release|Win32
		{D835BC9A-90B1-4CEA-ABCF-DCB0824C49ED}.Release|x86.Build.0 = Release|Win32
		{DE1C2AEB-08E5-4CFD-9447-D9BC85F53963}.Debug|x64.ActiveCfg = Debug|x64
		{DE1C2AEB-08E5-4CFD-9447-D9BC85F53963}.Debug|x64.Build.0 = Debug|x64
		{DE1C2AEB-08E5-4CFD-9447-D9BC85F53963}.Debug|x86.ActiveCfg = Debug|Win32
		{DE1C2AEB-08E5-4CFD-9447-D9BC85F53963}.Debug|x86.Build.0 = Debug|Win32
		{DE1C2AEB-08E5-4CFD-9447-D9BC85F53963}.Release|x64.ActiveCfg = Release|x64
		{DE1C2AEB-08E5-4CFD-9447-D9BC85F53963}.Release|x64.Build.0 = Release|x64
		{DE1C2AEB-08E5-4CFD-9447-D9BC85F53963}.Release|x86.ActiveCfg = Release|Win32
		{DE1C2AEB-08E5-4CFD-9447-D9BC85F53963}.Release|x86.Build.0 = Release|Win32
		{E584209C-5AFB-4D43-9640-6088B98D2216}.Debug|x64.ActiveCfg = Debug|x64
		{E584209C-5AFB-4D43-9640-6088B98D2216}.Debug|x64.Build.0 = Debug|x64
		{E584209C-5AFB-4D43-9640-6088B98D2216}.Debug|x86.ActiveCfg = Debug|Win32
		{E584209C-5AFB-4D43-9640-6088B98D2216}.Debug|x86.Build.0 = Debug|Win32
		{E584209C-5AFB-4D43-9640-6088B98D2216}.Release|x64.ActiveCfg = Release|x64
		{E584209C-5AFB-4D43-9640-6088B98D2216}.Release|x64.Build.0 = Release|x64
		{E584209C-5AFB-4D43-9640-6088B98D2216}.Release|x86.ActiveCfg = Release|Win32
		{E584209C-5AFB-4D43-9640-6088B98D2216}.Release|x86.Build.0 = Release|Win32
		{1D6F9FEB-AEDA-45AF-9B48-34D3B8931C88}.Debug|x64.ActiveCfg = Debug|x64
		{1D6F9FEB-AEDA-45AF-9B48-34D3B8931C88}.Debug|x64.Build.0 = Debug|x64
		{1D6F9FEB-AEDA-45AF-9B48-34D3B8931C88}.Debug|x86.ActiveCfg = Debug|Win32
		{1D6F9FEB-AEDA-45AF-9B48-34D3B8931C88}.Debug|x86.Build.0 = Debug|Win32
		{1D6F9FEB-AEDA-45AF-9B48-34D3B8931C88}.Release|x64.ActiveCfg = Release|x64
		{1D6F9FEB-AEDA-45AF-9B48-34D3B8931C88}.Release|x64.Build.0 = Release|x64
		{1D6F9FEB-AEDA-45AF-9B48-34D3B8931C88}.Release|x86.ActiveCfg = Release|Win32
		{1D6F9FEB-AEDA-45AF-9B48-34D3B8931C88}.Release|x86.Build.0 = Release|Win32
		{B3FA4093-6E22-4826-894E-C497281CCE16}.Debug|x64.ActiveCfg = Debug|x64
		{B3FA4093-6E22-4826-894E-C497281CCE16}.Debug|x64.Build.0 = Debug|x64
		{B3FA4093-6E22-4826-894E-C497281CCE16}.Debug|x86.ActiveCfg = Debug|Win32
		{B3FA4093-6E22-4826-894E-C497281CCE16}.Debug|x86.Build.0 = Debug|Win32
		{B3FA4093-6E22-4826-894E-C497281CCE16}.Release|x64.ActiveCfg = Release|x64
		{B3FA4093-6E22-4826-894E-C497281CCE16}.Release|x64.Build.0 = Release|x64
		{B3FA4093-6E22-4826-894E-C497281CCE16}.Release|x86.ActiveCfg = Release|Win32
		{B3FA4093-6E22-4826-894E-C497281CCE16}.Release|x86.Build.0 = Release|Win32
		{082A02CD-36A9-493A-8CD2-AA73418991E0}.Debug|x64.ActiveCfg = Debug|x64
		{082A02CD-36A9-493A-8CD2-AA73418991E0}.Debug|x64.Build.0 = Debug|x64
		{082A02CD-36A9-493A-8CD2-AA73418991E0}.Debug|x86.ActiveCfg = Debug|Win32
		{082A02CD-36A9-493A-8CD2-AA73418991E0}.Debug|x86.Build.0 = Debug|Win32
		{082A02CD-36A9-493A-8CD2-AA73418991E0}.Release|x64.ActiveCfg = Release|x64
		{082A02CD-36A9-493A-8CD2-AA73418991E0}.Release|x64.Build.0 = Release|x64
		{082A02CD-36A9-493A-8CD2-AA73418991E0}.Release|x86.ActiveCfg = Release|Win32
		{082A02CD-36A9-493A-8CD2-AA73418991E0}.Release|x86.Build.0 = Release|Win32
		{875F2777-795E-498B-A980-4FE2C016C009}.Debug|x64.ActiveCfg = Debug|x64
		{875F2777-795E-498B-A980-4FE2C016C009}.Debug|x64.Build.0 = Debug|x64
		{875F2777-795E-498B-A980-4FE2C016C009}.Debug|x86.ActiveCfg = Debug|Win32
		{875F2777-795E-498B-A980-4FE2C016C009}.Debug|x86.Build.0 = Debug|Win32
		{875F2777-795E-498B-A980-4FE2C016C009}.Release|x64.ActiveCfg = Release|x64
		{875F2777-795E-498B-A980-4FE2C016C009}.Release|x64.Build.0 = Release|x64
		{875F2777-795E-498B-A980-4FE2C016C009}.Release|x86.ActiveCfg = Release|Win32
		{875F2777-795E-498B-A980-4FE2C016C009}.Release|x86.Build.0 = Release|Win32
		{677C823D-0E5A-4E59-8D1C-6885A0E899B4}.Debug|x64.ActiveCfg = Debug|x64
		{677C823D-0E5A-4E59-8D1C-6885A0E899B4}.Debug|x64.Build.0 = Debug|x64
		{677C823D-0E5A-4E59-8D1C-6885A0E899B4}.Debug|x86.ActiveCfg = Debug|Win32
		{677C823D-0E5A-4E59-8D1C-6885A0E899B4}.Debug|x86.Build.0 = Debug|Win32
		{677C823D-0E5A-4E59-8D1C-6885A0E899B4}.Release|x64.ActiveCfg = Release|x64
		{677C823D-0E5A-4E59-8D1C-6885A0E899B4}.Release|x64.Build.0 = Release|x64
		{677C823D-0E5A-4E59-8D1C-6885A0E899B4}.Release|x86.ActiveCfg = Release|Win32
		{677C823D-0E5A-4E59-8D1C-6885A0E899B4}.Release|x86.Build.0 = Release|Win32
		{B211F981-AB4B-4826-929F-E85C21F390D9}.Debug|x64.ActiveCfg = Debug|x64
		{B211F981-AB4B-4826-929F-E85C21F390D9}.Debug|x64.Build.0 = Debug|x64
		{B211F981-AB4B-4826-929F-E85C21F390D9}.Debug|x86.ActiveCfg = Debug|Win32
		{B211F981-AB4B-4826-929F-E85C21F390D9}.Debug|x86.Build.0 = Debug|Win32
		{B211F981-AB4B-4826-929F-E85C21F390D9}.Release|x64.ActiveCfg = Release|x64
		{B211F981-AB4B-4826-929F-E85C21F390D9}.Release|x64.Build.0 = Release|x64
		{B211F981-AB4B-4826-929F-E85C21F390D9}.Release|x86.ActiveCfg = Release|Win32
		{B211F981-AB4B-4826-929F-E85C21F390D9}.Release|x86.Build.0 = Release|Win32
		{6632571E-33BB-4BBC-AD67-563C47292BF8}.Debug|x64.ActiveCfg = Debug|x64
		{6632571E-33BB-4BBC-AD67-563C47292BF8}.Debug|x64.Build.0 = Debug|x64
		{6632571E-33BB-4BBC-AD67-563C47292BF8}.Debug|x86.ActiveCfg = Debug|Win32
		{6632571E-33BB-4BBC-AD67-563C47292BF8}.Debug|x86.Build.0 = Debug|Win32
		{6632571E-33BB-4BBC-AD67-563C47292BF8}.Release|x64.ActiveCfg = Release|x64
		{6632571E-33BB-4BBC-AD67-563C47292BF8}.Release|x64.Build.0 = Release|x64
		{6632571E-33BB-4BBC-AD67-563C47292BF8}.Release|x86.ActiveCfg = Release|Win32
		{6632571E-33BB-4BBC-AD67-563C47292BF8}.Release|x86.Build.0 = Release|Win32
		{AAC83E6C-437C-4045-AD14-980C72FE67F3}.Debug|x64.ActiveCfg = Debug|x64
		{AAC83E6C-437C-4045-AD14-980C72FE67F3}.Debug|x64.Build.0 = Debug|x64
		{AAC83E6C-437C-4045-AD14-980C72FE67F3}.Debug|x86.ActiveCfg = Debug|Win32
		{AAC83E6C-437C-4045-AD14-980C72FE67F3}.Debug|x86.Build.0 = Debug|Win32
		{AAC83E6C-437C-4045-AD14-980C72FE67F3}.Release|x64.ActiveCfg = Release|x64
		{AAC83E6C-437C-4045-AD14-980C72FE67F3}.Release|x64.Build.0 = Release|x64
		{AAC83E6C-437C-4045-AD14-980C72FE67F3}.Release|x86.ActiveCfg = Release|Win32
		{AAC83E6C-437C-4045-AD14-980C72FE67F3}.Release|x86.Build.0 = Release|Win32
		{AF1B04BD-ED15-4950-945C-BBAA645E3A24}.Debug|x64.ActiveCfg = Debug|x64
		{AF1B04BD-ED15-4950-945C-BBAA645E3A24}.Debug|x64.Build.0 = Debug|x64
		{AF1B04BD-ED15-4950-945C-BBAA645E3A24}.Debug|x86.ActiveCfg = Debug|Win32
		{AF1B04BD-ED15-4950-945C-BBAA645E3A24}.Debug|x86.Build.0 = Debug|Win32
		{AF1B04BD-ED15-4950-945C-BBAA645E3A24}.Release|x64.ActiveCfg = Release|x64
		{AF1B04BD-ED15-4950-945C-BBAA645E3A24}.Release|x64.Build.0 = Release|x64
		{AF1B04BD-ED15-4950-945C-BBAA645E3A24}.Release|x86.ActiveCfg = Release|Win32
		{AF1B04BD-ED15-4950-945C-BBAA645E3A24}.Release|x86.Build.0 = Release|Win32
		{B570532B-11CB-4370-A932-679AA22915F0}.Debug|x64.ActiveCfg = Debug|x64
		{B570532B-11CB-4370-A932-679AA22915F0}.Debug|x64.Build.0 = Debug|x64
		{B570532B-11CB-4370-A932-679AA22915F0}.Debug|x86.ActiveCfg = Debug|Win32
		{B570532B-11CB-4370-A932-679AA22915F0}.Debug|x86.Build.0 = Debug|Win32
		{B570532B-11CB-4370-A932-679AA22915F0}.Release|x64.ActiveCfg = Release|x64
		{B570532B-11CB-4370-A932-679AA22915F0}.Release|x64.Build.0 = Release|x64
		{B570532B-11CB-4370-A932-679AA22915F0}.Release|x86.ActiveCfg = Release|Win32
		{B570532B-11CB-4370-A932-679AA22915F0}.Release|x86.Build.0 = Release|Win32
		{DBD5882E-78F8-4CF5-90FF-211F44F8CF3A}.Debug|x64.ActiveCfg = Debug|x64
		{DBD5882E-78F8-4CF5-90FF-211F44F8CF3A}.Debug|x64.Build.0 = Debug|x64
		{DBD5882E-78F8-4CF5-90FF-211F44F8CF3A}.Debug|x86.ActiveCfg = Debug|Win32
		{DBD5882E-78F8-4CF5-90FF-211F44F8CF3A}.Debug|x86.Build.0 = Debug|Win32
		{DBD5882E-78F8-4CF5-90FF-211F44F8CF3A}.Release|x64.ActiveCfg = Release|x64
		{DBD5882E-78F8-4CF5-90FF-211F44F8CF3A}.Release|x64.Build.0 = Release|x64
		{DBD5882E-78F8-4CF5-90FF-211F44F8CF3A}.Release|x86.ActiveCfg = Release|Win32
		{DBD5882E-78F8-4CF5-90FF-211F44F8CF3A}.Release|x86.Build.0 = Release|Win32
		{BACC7EE4-A3DF-49B2-A3C0-C92ACA57DAA8}.Debug|x64.ActiveCfg = Debug|x64
		{BACC7EE4-A3DF-49B2-A3C0-C92ACA57DAA8}.Debug|x64.Build.0 = Debug|x64
		{BACC7EE4-A3DF-49B2-A3C0-C92ACA57DAA8}.Debug|x86.ActiveCfg = Debug|Win32
		{BACC7EE4-A3DF-49B2-A3C0-C92ACA57DAA8}.Debug|x86.Build.0 = Debug|Win32
		{BACC7EE4-A3DF-49B2-A3C0-C92ACA57DAA8}.Release|x64.ActiveCfg = Release|x64
		{BACC7EE4-A3DF-49B2-A3C0-C92ACA57DAA8}.Release|x64.Build.0 = Release|x64
		{BACC7EE4-A3DF-49B2-A3C0-C92ACA57DAA8}.Release|x86.ActiveCfg = Release|Win32
		{BACC7EE4-A3DF-49B2-A3C0-C92ACA57DAA8}.Release|x86.Build.0 = Release|Win32
		{A65B84B7-2CD2-4436-A223-8E603CAFC47A}.Debug|x64.ActiveCfg = Debug|x64
		{A65B84B7-2CD2-4436-A223-8E603CAFC47A}.Debug|x64.Build.0 = Debug|x64
		{A65B84B7-2CD2-4436-A223-8E603CAFC47A}.Debug|x86.ActiveCfg = Debug|Win32
		{A65B84B7-2CD2-4436-A223-8E603CAFC47A}.Debug|x86.Build.0 = Debug|Win32
		{A65B84B7-2CD2-4436-A223-8E603CAFC47A}.Release|x64.ActiveCfg = Release|x64
		{A65B84B7-2CD2-4436-A223-8E603CAFC47A}.Release|x64.Build.0 = Release|x64
		{A65B84B7-2CD2-4436-A223-8E603CAFC47A}.Release|x86.ActiveCfg = Release|Win32
		{A65B84B7-2CD2-4436-A223-8E603CAFC47A}.Release|x86.Build.0 = Release|Win32
		{3E29E6BE-8C9F-4EF5-95EC-82EA485F81CE}.Debug|x64.ActiveCfg = Debug|x64
		{3E29E6BE-8C9F-4EF5-95EC-82EA485F81CE}.Debug|x64.Build.0 = Debug|x64
		{3E29E6BE-8C9F-4EF5-95EC-82EA485F81CE}.Debug|x86.ActiveCfg = Debug|Win32
		{3E29E6BE-8C9F-4EF5-95EC-82EA485F81CE}.Debug|x86.Build.0 = Debug|Win32
		{3E29E6BE-8C9F-4EF5-95EC-82EA485F81CE}.Release|x64.ActiveCfg = Release|x64
		{3E29E6BE-8C9F-4EF5-95EC-82EA485F81CE}.Release|x64.Build.0 = Release|x64
		{3E29E6BE-8C9F-4EF5-95EC-82EA485F81CE}.Release|x86.ActiveCfg = Release|Win32
		{3E29E6BE-8C9F-4EF5-95EC-82EA485F81CE}.Release|x86.Build.0 = Release|Win32
		{10D68A69-65CD-49AF-8C2C-34001EF25877}.Debug|x64.ActiveCfg = Debug|x64
		{10D68A69-65CD-49AF-8C2C-34001EF25877}.Debug|x64.Build.0 = Debug|x64
		{10D68A69-65CD-49AF-8C2C-34001EF25877}.Debug|x86.ActiveCfg = Debug|Win32
		{10D68A69-65CD-49AF-8C2C-34001EF25877}.Debug|x86.Build.0 = Debug|Win32
		{10D68A69-65CD-49AF-8C2C-34001EF25877}.Release|x64.ActiveCfg = Release|x64
		{10D68A69-65CD-49AF-8C2C-34001EF25877}.Release|x64.Build.0 = Release|x64
		{10D68A69-65CD-49AF-8C2C-34001EF25877}.Release|x86.ActiveCfg = Release|Win32
		{10D68A69-65CD-49AF-8C2C-34001EF25877}.Release|x86.Build.0 = Release|Win32
		{D7AEA3A8-8981-4D87-8FB5-223C4B559C51}.Debug|x64.ActiveCfg = Debug|x64
		{D7AEA3A8-8981-4D87-8FB5-223C4B559C51}.Debug|x64.Build.0 = Debug|x64
		{D7AEA3A8-8981-4D87-8FB5-223C4B559C51}.Debug|x86.ActiveCfg = Debug|Win32
		{D7AEA3A8-8981-4D87-8FB5-223C4B559C51}.Debug|x86.Build.0 = Debug|Win32
		{D7AEA3A8-8981-4D87-8FB5-223C4B559C51}.Release|x64.ActiveCfg = Release|x64
		{D7AEA3A8-8981-4D87-8FB5-223C4B559C51}.Release|x64.Build.0 = Release|x64
		{D7AEA3A8-8981-4D87-8FB5-223C4B559C51}.Release|x86.ActiveCfg = Release|Win32
		{D7AEA3A8-8981-4D87-8FB5-223C4B559C51}.Release|x86.Build.0 = Release|Win32
		{86FF3B3B-78B5-4C01-BB15-21A1DE5A001C}.Debug|x64.ActiveCfg = Debug|x64
		{86FF3B3B-78B5-4C01-BB15-21A1DE5A001C}.Debug|x64.Build.0 = Debug|x64
		{86FF3B3B-78B5-4C01-BB15-21A1DE5A001C}.Debug|x86.ActiveCfg = Debug|Win32
		{86FF3B3B-78B5-4C01-BB15-21A1DE5A001C}.Debug|x86.Build.0 = Debug|Win32
		{86FF3B3B-78B5-4C01-BB15-21A1DE5A001C}.Release|x64.ActiveCfg = Release|x64
		{86FF3B3B-78B5-4C01-BB15-21A1DE5A001C}.Release|x64.Build.0 = Release|x64
		{86FF3B3B-78B5-4C01-BB15-21A1DE5A001C}.Release|x86.ActiveCfg = Release|Win32
		{86FF3B3B-78B5-4C01-BB15-21A1DE5A001C}.Release|x86.Build.0 = Release|Win32
		{72C6AC64-F71E-433D-8370-12CA1178E4DC}.Debug|x64.ActiveCfg = Debug|x64
		{72C6AC64-F71E-433D-8370-12CA1178E4DC}.Debug|x64.Build.0 = Debug|x64
		{72C6AC64-F71E-433D-8370-12CA1178E4DC}.Debug|x86.ActiveCfg = Debug|Win32
		{72C6AC64-F71E-433D-8370-12CA1178E4DC}.Debug|x86.Build.0 = Debug|Win32
		{72C6AC64-F71E-433D-8370-12CA1178E4DC}.Release|x64.ActiveCfg = Release|x64
		{72C6AC64-F71E-433D-8370-12CA1178E4DC}.Release|x64.Build.0 = Release|x64
		{72C6AC64-F71E-433D-8370-12CA1178E4DC}.Release|x86.ActiveCfg = Release|Win32
		{72C6AC64-F71E-433D-8370-12CA1178E4DC}.Release|x86.Build.0 = Release|Win32
		{65CD214D-18AA-4711-AF02-106DE1B95230}.Debug|x64.ActiveCfg = Debug|x64
		{65CD214D-18AA-4711-AF02-106DE1B95230}.Debug|x64.Build.0 = Debug|x64
		{65CD214D-18AA-4711-AF02-106DE1B95230}.Debug|x86.ActiveCfg = Debug|Win32
		{65CD214D-18AA-4711-AF02-106DE1B95230}.Debug|x86.Build.0 = Debug|Win32
		{65CD214D-18AA-4711-AF02-106DE1B95230}.Release|x64.ActiveCfg = Release|x64
		{65CD214D-18AA-4711-AF02-106DE1B95230}.Release|x64.Build.0 = Release|x64
		{65CD214D-18AA-4711-AF02-106DE1B95230}.Release|x86.ActiveCfg = Release|Win32
		{65CD214D-18AA-4711-AF02-106DE1B95230}.Release|x86.Build.0 = Release|Win32
		{A1F4AB90-5B37-408E-8A14-522BC1C8610C}.Debug|x64.ActiveCfg = Debug|x64
		{A1F4AB90-5B37-408E-8A14-522BC1C8610C}.Debug|x64.Build.0 = Debug|x64
		{A1F4AB90-5B37-408E-8A14-522BC1C8610C}.Debug|x86.ActiveCfg = Debug|Win32
		{A1F4AB90-5B37-408E-8A14-522BC1C8610C}.Debug|x86.Build.0 = Debug|Win32
		{A1F4AB90-5B37-408E-8A14-522BC1C8610C}.Release|x64.ActiveCfg = Release|x64
		{A1F4AB90-5B37-408E-8A14-522BC1C8610C}.Release|x64.Build.0 = Release|x64
		{A1F4AB90-5B37-408E-8A14-522BC1C8610C}.Release|x86.ActiveCfg = Release|Win32
		{A1F4AB90-5B37-408E-8A14-522BC1C8610C}.Release|x86.Build.0 = Release|Win32
		{3DC25C11-1FBC-493C-9285-680261D8F420}.Debug|x64.ActiveCfg = Debug|x64
		{3DC25C11-1FBC-493C-9285-680261D8F420}.Debug|x64.Build.0 = Debug|x64
		{3DC25C11-1FBC-493C-9285-680261D8F420}.Debug|x86.ActiveCfg = Debug|Win32
		{3DC25C11-1FBC-493C-9285-680261D8F420}.Debug|x86.Build.0 = Debug|Win32
		{3DC25C11-1FBC-493C-9285-680261D8F420}.Release|x64.ActiveCfg = Release|x64
		{3DC25C11-1FBC-493C-9285-680261D8F420}.Release|x64.Build.0 = Release|x64
		{3DC25C11-1FBC-493C-9285-680261D8F420}.Release|x86.ActiveCfg = Release|Win32
		{3DC25C11-1FBC-493C-9285-680261D8F420}.Release|x86.Build.0 = Release|Win32
		{1AAC8596-5E53-491E-A75D-942899DF4D46}.Debug|x64.ActiveCfg = Debug|x64
		{1AAC8596-5E53-491E-A75D-942899DF4D46}.Debug|x64.Build.0 = Debug|x64
		{1AAC8596-5E53-491E-A75D-942899DF4D46}.Debug|x86.ActiveCfg = Debug|Win32
		{1AAC8596-5E53-491E-A75D-942899DF4D46}.Debug|x86.Build.0 = Debug|Win32
		{1AAC8596-5E53-491E-A75D-942899DF4D46}.Release|x64.ActiveCfg = Release|x64
		{1AAC8596-5E53-491E-A75D-942899DF4D46}.Release|x64.Build.0 = Release|x64
		{1AAC8596-5E53-491E-A75D-942899DF4D46}.Release|x86.ActiveCfg = Release|Win32
		{1AAC8596-5E53-491E-A75D-942899DF4D46}.Release|x86.Build.0 = Release|Win32
		{1F3ED2F1-B687-4A60-AF48-99D0DA49D45C}.Debug|x64.ActiveCfg = Debug|x64
		{1F3ED2F1-B687-4A60-AF48-99D0DA49D45C}.Debug|x64.Build.0 = Debug|x64
		{1F3ED2F1-B687-4A60-AF48-99D0DA49D45C}.Debug|x86.ActiveCfg = Debug|Win32
		{1F3ED2F1-B687-4A60-AF48-99D0DA49D45C}.Debug|x86.Build.0 = Debug|Win32
		{1F3ED2F1-B687-4A60-AF48-99D0DA49D45C}.Release|x64.ActiveCfg = Release|x64
		{1F3ED2F1-B687-4A60-AF48-99D0DA49D45C}.Release|x64.Build.0 = Release|x64
		{1F3ED2F1-B687-4A60-AF48-99D0DA49D45C}.Release|x86.ActiveCfg = Release|Win32
		{1F3ED2F1-B687-4A60-AF48-99D0DA49D45C}.Release|x86.Build.0 = Release|Win32
		{CA589570-A60E-4962-ADF6-0DC76AAE449A}.Debug|x64.ActiveCfg = Debug|x64
		{CA589570-A60E-4962-ADF6-0DC76AAE449A}.Debug|x64.Build.0 = Debug|x64
		{CA589570-A60E-4962-ADF6-0DC76AAE449A}.Debug|x86.ActiveCfg = Debug|Win32
		{CA589570-A60E-4962-ADF6-0DC76AAE449A}.Debug|x86.Build.0 = Debug|Win32
		{CA589570-A60E-4962-ADF6-0DC76AAE449A}.Release|x64.ActiveCfg = Release|x64
		{CA589570-A60E-4962-ADF6-0DC76AAE449A}.Release|x64.Build.0 = Release|x64
		{CA589570-A60E-4962-ADF6-0DC76AAE449A}.Release|x86.ActiveCfg = Release|Win32
		{CA589570-A60E-4962-ADF6-0DC76AAE449A}.Release|x86.Build.0 = Release|Win32
		{8F0CBD1D-B7A8-4787-8CBE-A6EDF3291374}.Debug|x64.ActiveCfg = Debug|x64
		{8F0CBD1D-B7A8-4787-8CBE-A6EDF3291374}.Debug|x64.Build.0 = Debug|x64
		{8F0CBD1D-B7A8-4787-8CBE-A6EDF3291374}.Debug|x86.ActiveCfg = Debug|Win32
		{8F0CBD1D-B7A8-4787-8CBE-A6EDF3291374}.Debug|x86.Build.0 = Debug|Win32
		{8F0CBD1D-B7A8-4787-8CBE-A6EDF3291374}.Release|x64.ActiveCfg = Release|x64
		{8F0CBD1D-B7A8-4787-8CBE-A6EDF3291374}.Release|x64.Build.0 = Release|x64
		{8F0CBD1D-B7A8-4787-8CBE-A6EDF3291374}.Release|x86.ActiveCfg = Release|Win32
		{8F0CBD1D-B7A8-4787-8CBE-A6EDF3291374}.Release|x86.Build.0 = Release|Win32
		{D1FCA1A8-4B5E-43F2-863B-BA5B48FEB72E}.Debug|x64.ActiveCfg = Debug|x64
		{D1FCA1A8-4B5E-43F2-863B-BA5B48FEB72E}.Debug|x64.Build.0 = Debug|x64
		{D1FCA1A8-4B5E-43F2-863B-BA5B48FEB72E}.Debug|x86.ActiveCfg = Debug|Win32
		{D1FCA1A8-4B5E-43F2-863B-BA5B48FEB72E}.Debug|x86.Build.0 = Debug|Win32
		{D1FCA1A8-4B5E-43F2-863B-BA5B48FEB72E}.Release|x64.ActiveCfg = Release|x64
		{D1FCA1A8-4B5E-43F2-863B-BA5B48FEB72E}.Release|x64.Build.0 = Release|x64
		{D1FCA1A8-4B5E-43F2-863B-BA5B48FEB72E}.Release|x86.ActiveCfg = Release|Win32
		{D1FCA1A8-4B5E-43F2-863B-BA5B48FEB72E}.Release|x86.Build.0 = Release|Win32
		{02C7A5D0-8123-427B-87F9-F0EB823E0FFC}.Debug|x64.ActiveCfg = Debug|x64
		{02C7A5D0-8123-427B-87F9-F0EB823E0FFC}.Debug|x64.Build.0 = Debug|x64
		{02C7A5D0-8123-427B-87F9-F0EB823E0FFC}.Debug|x86.ActiveCfg = Debug|Win32
		{02C7A5D0-8123-427B-87F9-F0EB823E0FFC}.Debug|x86.Build.0 = Debug|Win32
		{02C7A5D0-8123-427B-87F9-F0EB823E0FFC}.Release|x64.ActiveCfg = Release|x64
		{02C7A5D0-8123-427B-87F9-F0EB823E0FFC}.Release|x64.Build.0 = Release|x64
		{02C7A5D0-8123-427B-87F9-F0EB823E0FFC}.Release|x86.ActiveCfg = Release|Win32
		{02C7A5D0-8123-427B-87F9-F0EB823E0FFC}.Release|x86.Build.0 = Release|Win32
		{209311F9-8057-4788-9A24-EE6242554ED4}.Debug|x64.ActiveCfg = Debug|x64
		{209311F9-8057-4788-9A24-EE6242554ED4}.Debug|x64.Build.0 = Debug|x64
		{209311F9-8057-4788-9A24-EE6242554ED4}.Debug|x86.ActiveCfg = Debug|Win32
		{209311F9-8057-4788-9A24-EE6242554ED4}.Debug|x86.Build.0 = Debug|Win32
		{209311F9-8057-4788-9A24-EE6242554ED4}.Release|x64.ActiveCfg = Release|x64
		{209311F9-8057-4788-9A24-EE6242554ED4}.Release|x64.Build.0 = Release|x64
		{209311F9-8057-4788-9A24-EE6242554ED4}.Release|x86.ActiveCfg = Release|Win32
		{209311F9-8057-4788-9A24-EE6242554ED4}.Release|x86.Build.0 = Release|Win32
	EndGlobalSection
	GlobalSection(SolutionProperties) = preSolution
		HideSolutionNode = FALSE
	EndGlobalSection
	GlobalSection(NestedProjects) = preSolution
		{C0375518-E76A-4344-AE69-AF49F2172A67} = {836DDB93-692A-41BF-BED4-33C5F10B1093}
		{8B817A43-BFC6-4427-A6F1-75B4852D3886} = {836DDB93-692A-41BF-BED4-33C5F10B1093}
		{87727623-776A-4014-BF52-45CEB5C92365} = {836DDB93-692A-41BF-BED4-33C5F10B1093}
		{BEB43815-E325-461E-818B-2FA1108A3BC0} = {1CB31C24-4CAF-46A4-AD72-449080D64FF7}
		{FDB4CC08-B23B-4395-854E-130152713DC8} = {1CB31C24-4CAF-46A4-AD72-449080D64FF7}
		{D916741A-C738-47CE-A686-12E34A93828F} = {1CB31C24-4CAF-46A4-AD72-449080D64FF7}
		{D5E75313-9D1C-405A-93E7-6E88844C7842} = {1CB31C24-4CAF-46A4-AD72-449080D64FF7}
		{733B4A5A-DF4A-4280-9187-06EA87B6F0B3} = {1CB31C24-4CAF-46A4-AD72-449080D64FF7}
		{4FD66B00-ED2C-4502-B503-18001B037B21} = {1CB31C24-4CAF-46A4-AD72-449080D64FF7}
		{0690A150-6D75-498C-B764-256C514741F3} = {1CB31C24-4CAF-46A4-AD72-449080D64FF7}
		{2FBB27E7-0EEF-4B48-B78C-41B768823F77} = {1CB31C24-4CAF-46A4-AD72-449080D64FF7}
		{84FD2396-D2F2-4E6C-90B4-4E6EDB68F051} = {1CB31C24-4CAF-46A4-AD72-449080D64FF7}
		{5A6E9A5C-A8DD-4E29-BC8B-9F82B3FB347E} = {74158267-7EC5-4BC8-A3FD-B92B057E5E4C}
		{72FD32D5-CD6B-46FF-8C7B-00A40D8E225F} = {74158267-7EC5-4BC8-A3FD-B92B057E5E4C}
		{1ECE4F0C-597E-492F-A0A2-6F59C29853D5} = {74158267-7EC5-4BC8-A3FD-B92B057E5E4C}
		{46CA8FD6-69B9-44C6-9B3D-467B498A91C1} = {74158267-7EC5-4BC8-A3FD-B92B057E5E4C}
		{C596BA7B-0901-4BB2-B81F-0C3D1335495C} = {1ECE4F0C-597E-492F-A0A2-6F59C29853D5}
		{896D1CAB-1C99-4490-B4E9-8B5C600075B0} = {1ECE4F0C-597E-492F-A0A2-6F59C29853D5}
		{BE1111AB-9D79-4E6F-9003-016EDD3C23AD} = {1ECE4F0C-597E-492F-A0A2-6F59C29853D5}
		{09E50DA5-23B2-461D-9BD1-B30A76DDD73D} = {1ECE4F0C-597E-492F-A0A2-6F59C29853D5}
		{D900524C-3E7E-4806-B207-3093F747CA2C} = {1ECE4F0C-597E-492F-A0A2-6F59C29853D5}
		{25CEC866-4D87-419D-9AB0-623A0CFAA762} = {1ECE4F0C-597E-492F-A0A2-6F59C29853D5}
		{2CA2D204-CA69-4567-B291-1D946F9DA4F9} = {1ECE4F0C-597E-492F-A0A2-6F59C29853D5}
		{48FD1831-7D22-4832-B79D-7276DCD6B25F} = {46CA8FD6-69B9-44C6-9B3D-467B498A91C1}
		{A6EBDF74-B452-4CC1-847C-99A82562D2E0} = {46CA8FD6-69B9-44C6-9B3D-467B498A91C1}
		{389E4C58-17BA-45D6-A28D-0E21594CA26F} = {46CA8FD6-69B9-44C6-9B3D-467B498A91C1}
		{D835BC9A-90B1-4CEA-ABCF-DCB0824C49ED} = {46CA8FD6-69B9-44C6-9B3D-467B498A91C1}
		{DE1C2AEB-08E5-4CFD-9447-D9BC85F53963} = {46CA8FD6-69B9-44C6-9B3D-467B498A91C1}
		{E584209C-5AFB-4D43-9640-6088B98D2216} = {46CA8FD6-69B9-44C6-9B3D-467B498A91C1}
		{1D6F9FEB-AEDA-45AF-9B48-34D3B8931C88} = {46CA8FD6-69B9-44C6-9B3D-467B498A91C1}
		{B3FA4093-6E22-4826-894E-C497281CCE16} = {46CA8FD6-69B9-44C6-9B3D-467B498A91C1}
		{082A02CD-36A9-493A-8CD2-AA73418991E0} = {70156B60-6FD5-433A-A87B-3BAD4CB4CA5A}
		{875F2777-795E-498B-A980-4FE2C016C009} = {70156B60-6FD5-433A-A87B-3BAD4CB4CA5A}
		{677C823D-0E5A-4E59-8D1C-6885A0E899B4} = {70156B60-6FD5-433A-A87B-3BAD4CB4CA5A}
		{B211F981-AB4B-4826-929F-E85C21F390D9} = {70156B60-6FD5-433A-A87B-3BAD4CB4CA5A}
		{6632571E-33BB-4BBC-AD67-563C47292BF8} = {70156B60-6FD5-433A-A87B-3BAD4CB4CA5A}
		{AAC83E6C-437C-4045-AD14-980C72FE67F3} = {2FAD6558-3201-4ABC-B0C8-FF5AE02F87BC}
		{AF1B04BD-ED15-4950-945C-BBAA645E3A24} = {2FAD6558-3201-4ABC-B0C8-FF5AE02F87BC}
		{B570532B-11CB-4370-A932-679AA22915F0} = {2FAD6558-3201-4ABC-B0C8-FF5AE02F87BC}
		{DBD5882E-78F8-4CF5-90FF-211F44F8CF3A} = {2FAD6558-3201-4ABC-B0C8-FF5AE02F87BC}
		{BACC7EE4-A3DF-49B2-A3C0-C92ACA57DAA8} = {2FAD6558-3201-4ABC-B0C8-FF5AE02F87BC}
		{A65B84B7-2CD2-4436-A223-8E603CAFC47A} = {2FAD6558-3201-4ABC-B0C8-FF5AE02F87BC}
		{3E29E6BE-8C9F-4EF5-95EC-82EA485F81CE} = {2FAD6558-3201-4ABC-B0C8-FF5AE02F87BC}
		{10D68A69-65CD-49AF-8C2C-34001EF25877} = {2FAD6558-3201-4ABC-B0C8-FF5AE02F87BC}
		{D7AEA3A8-8981-4D87-8FB5-223C4B559C51} = {2FAD6558-3201-4ABC-B0C8-FF5AE02F87BC}
		{86FF3B3B-78B5-4C01-BB15-21A1DE5A001C} = {7F217BAA-3337-4E43-A5F3-45DB15861F8D}
		{72C6AC64-F71E-433D-8370-12CA1178E4DC} = {7F217BAA-3337-4E43-A5F3-45DB15861F8D}
		{65CD214D-18AA-4711-AF02-106DE1B95230} = {7F217BAA-3337-4E43-A5F3-45DB15861F8D}
		{F50D0288-0CBD-40E5-B103-C1CF5611FF80} = {7F217BAA-3337-4E43-A5F3-45DB15861F8D}
		{A1F4AB90-5B37-408E-8A14-522BC1C8610C} = {F50D0288-0CBD-40E5-B103-C1CF5611FF80}
		{3DC25C11-1FBC-493C-9285-680261D8F420} = {F50D0288-0CBD-40E5-B103-C1CF5611FF80}
		{1AAC8596-5E53-491E-A75D-942899DF4D46} = {7F217BAA-3337-4E43-A5F3-45DB15861F8D}
		{1F3ED2F1-B687-4A60-AF48-99D0DA49D45C} = {F50D0288-0CBD-40E5-B103-C1CF5611FF80}
		{CA589570-A60E-4962-ADF6-0DC76AAE449A} = {7F217BAA-3337-4E43-A5F3-45DB15861F8D}
		{8F0CBD1D-B7A8-4787-8CBE-A6EDF3291374} = {F50D0288-0CBD-40E5-B103-C1CF5611FF80}
		{D1FCA1A8-4B5E-43F2-863B-BA5B48FEB72E} = {F50D0288-0CBD-40E5-B103-C1CF5611FF80}
		{02C7A5D0-8123-427B-87F9-F0EB823E0FFC} = {F50D0288-0CBD-40E5-B103-C1CF5611FF80}
		{209311F9-8057-4788-9A24-EE6242554ED4} = {F50D0288-0CBD-40E5-B103-C1CF5611FF80}
	EndGlobalSection
	GlobalSection(ExtensibilityGlobals) = postSolution
		SolutionGuid = {DBFB44C6-DDFB-42CD-85BF-7CA9D97ACFCF}
	EndGlobalSection
EndGlobal
